// !$*UTF8*$!
{
	archiveVersion = 1;
	classes = {
	};
	objectVersion = 50;
	objects = {

/* Begin PBXBuildFile section */
		3379C0345D172DCC23E13F8C /* Pods_Asteroids2_0.framework in Frameworks */ = {isa = PBXBuildFile; fileRef = E6C1C8A5372B290D80A6F3FB /* Pods_Asteroids2_0.framework */; };
		8395BF5A219F7CE500310ED1 /* AppDelegate.swift in Sources */ = {isa = PBXBuildFile; fileRef = 8395BF59219F7CE500310ED1 /* AppDelegate.swift */; };
		8395BF61219F7CE700310ED1 /* Assets.xcassets in Resources */ = {isa = PBXBuildFile; fileRef = 8395BF60219F7CE700310ED1 /* Assets.xcassets */; };
		8395BF6F219F7CE800310ED1 /* Asteroids2_0Tests.swift in Sources */ = {isa = PBXBuildFile; fileRef = 8395BF6E219F7CE800310ED1 /* Asteroids2_0Tests.swift */; };
		8395BF7A219F7CE800310ED1 /* Asteroids2_0UITests.swift in Sources */ = {isa = PBXBuildFile; fileRef = 8395BF79219F7CE800310ED1 /* Asteroids2_0UITests.swift */; };
		83ABD2FD21A036E900FBF944 /* Font.swift in Sources */ = {isa = PBXBuildFile; fileRef = 83ABD2FC21A036E900FBF944 /* Font.swift */; };
		83ABD30021A0372300FBF944 /* Color.swift in Sources */ = {isa = PBXBuildFile; fileRef = 83ABD2FF21A0372300FBF944 /* Color.swift */; };
		83ABD30321A037A100FBF944 /* UIViewController+Storyboard.swift in Sources */ = {isa = PBXBuildFile; fileRef = 83ABD30221A037A100FBF944 /* UIViewController+Storyboard.swift */; };
		83ABD30721A037E700FBF944 /* AsyncDisplayLogic.swift in Sources */ = {isa = PBXBuildFile; fileRef = 83ABD30621A037E700FBF944 /* AsyncDisplayLogic.swift */; };
		83ABD30A21A0381600FBF944 /* ViewController.swift in Sources */ = {isa = PBXBuildFile; fileRef = 83ABD30921A0381600FBF944 /* ViewController.swift */; };
		83ABD30D21A0386B00FBF944 /* Assembly.swift in Sources */ = {isa = PBXBuildFile; fileRef = 83ABD30C21A0386A00FBF944 /* Assembly.swift */; };
		83ABD30F21A03A6600FBF944 /* Notification+KeyboardHeight.swift in Sources */ = {isa = PBXBuildFile; fileRef = 83ABD30E21A03A6600FBF944 /* Notification+KeyboardHeight.swift */; };
		83ABD31121A03ABA00FBF944 /* UIView+AutoLayout.swift in Sources */ = {isa = PBXBuildFile; fileRef = 83ABD31021A03ABA00FBF944 /* UIView+AutoLayout.swift */; };
		83ABD31421A03C7C00FBF944 /* MainTabBarViewController.storyboard in Resources */ = {isa = PBXBuildFile; fileRef = 83ABD31321A03C7C00FBF944 /* MainTabBarViewController.storyboard */; };
		83ABD31621A03CC000FBF944 /* MainTabBarViewController.swift in Sources */ = {isa = PBXBuildFile; fileRef = 83ABD31521A03CC000FBF944 /* MainTabBarViewController.swift */; };
		83ABD31821A03D4E00FBF944 /* MainNavigationController.swift in Sources */ = {isa = PBXBuildFile; fileRef = 83ABD31721A03D4E00FBF944 /* MainNavigationController.swift */; };
		83ABD31A21A03E4B00FBF944 /* LaunchScreen.storyboard in Resources */ = {isa = PBXBuildFile; fileRef = 83ABD31921A03E4B00FBF944 /* LaunchScreen.storyboard */; };
		83ABD31D21A06D6F00FBF944 /* ListViewController.storyboard in Resources */ = {isa = PBXBuildFile; fileRef = 83ABD31C21A06D6F00FBF944 /* ListViewController.storyboard */; };
		83ABD32B21A06E8D00FBF944 /* List.swift in Sources */ = {isa = PBXBuildFile; fileRef = 83ABD32A21A06E8D00FBF944 /* List.swift */; };
		83ABD32D21A06ED000FBF944 /* ListAssembly.swift in Sources */ = {isa = PBXBuildFile; fileRef = 83ABD32C21A06ED000FBF944 /* ListAssembly.swift */; };
		83ABD32F21A06EF700FBF944 /* ListViewController.swift in Sources */ = {isa = PBXBuildFile; fileRef = 83ABD32E21A06EF700FBF944 /* ListViewController.swift */; };
		83ABD33121A06F1F00FBF944 /* ListPresenter.swift in Sources */ = {isa = PBXBuildFile; fileRef = 83ABD33021A06F1F00FBF944 /* ListPresenter.swift */; };
		83ABD34121A06FBC00FBF944 /* AsyncPresentationLogic.swift in Sources */ = {isa = PBXBuildFile; fileRef = 83ABD34021A06FBC00FBF944 /* AsyncPresentationLogic.swift */; };
		83ABD34321A0713C00FBF944 /* ListInteractor.swift in Sources */ = {isa = PBXBuildFile; fileRef = 83ABD34221A0713C00FBF944 /* ListInteractor.swift */; };
		83ABD34521A0720800FBF944 /* ListRouter.swift in Sources */ = {isa = PBXBuildFile; fileRef = 83ABD34421A0720800FBF944 /* ListRouter.swift */; };
		83ABD34F21A07A2F00FBF944 /* SearchRouter.swift in Sources */ = {isa = PBXBuildFile; fileRef = 83ABD34821A07A2F00FBF944 /* SearchRouter.swift */; };
		83ABD35021A07A2F00FBF944 /* SearchPresenter.swift in Sources */ = {isa = PBXBuildFile; fileRef = 83ABD34921A07A2F00FBF944 /* SearchPresenter.swift */; };
		83ABD35121A07A2F00FBF944 /* SearchAssembly.swift in Sources */ = {isa = PBXBuildFile; fileRef = 83ABD34A21A07A2F00FBF944 /* SearchAssembly.swift */; };
		83ABD35221A07A2F00FBF944 /* SearchViewController.swift in Sources */ = {isa = PBXBuildFile; fileRef = 83ABD34B21A07A2F00FBF944 /* SearchViewController.swift */; };
		83ABD35321A07A2F00FBF944 /* SearchViewController.storyboard in Resources */ = {isa = PBXBuildFile; fileRef = 83ABD34C21A07A2F00FBF944 /* SearchViewController.storyboard */; };
		83ABD35421A07A2F00FBF944 /* Search.swift in Sources */ = {isa = PBXBuildFile; fileRef = 83ABD34D21A07A2F00FBF944 /* Search.swift */; };
		83ABD35521A07A2F00FBF944 /* SearchInteractor.swift in Sources */ = {isa = PBXBuildFile; fileRef = 83ABD34E21A07A2F00FBF944 /* SearchInteractor.swift */; };
		83ABD35D21A07B0100FBF944 /* SettingsRouter.swift in Sources */ = {isa = PBXBuildFile; fileRef = 83ABD35621A07B0000FBF944 /* SettingsRouter.swift */; };
		83ABD35E21A07B0100FBF944 /* SettingsPresenter.swift in Sources */ = {isa = PBXBuildFile; fileRef = 83ABD35721A07B0000FBF944 /* SettingsPresenter.swift */; };
		83ABD35F21A07B0100FBF944 /* SettingsAssembly.swift in Sources */ = {isa = PBXBuildFile; fileRef = 83ABD35821A07B0000FBF944 /* SettingsAssembly.swift */; };
		83ABD36021A07B0100FBF944 /* SettingsViewController.swift in Sources */ = {isa = PBXBuildFile; fileRef = 83ABD35921A07B0000FBF944 /* SettingsViewController.swift */; };
		83ABD36121A07B0100FBF944 /* SettingsViewController.storyboard in Resources */ = {isa = PBXBuildFile; fileRef = 83ABD35A21A07B0100FBF944 /* SettingsViewController.storyboard */; };
		83ABD36221A07B0100FBF944 /* Settings.swift in Sources */ = {isa = PBXBuildFile; fileRef = 83ABD35B21A07B0100FBF944 /* Settings.swift */; };
		83ABD36321A07B0100FBF944 /* SettingsInteractor.swift in Sources */ = {isa = PBXBuildFile; fileRef = 83ABD35C21A07B0100FBF944 /* SettingsInteractor.swift */; };
		83ABD36521A07D4300FBF944 /* Collection+Optional.swift in Sources */ = {isa = PBXBuildFile; fileRef = 83ABD36421A07D4300FBF944 /* Collection+Optional.swift */; };
		83ABD36721A07D8400FBF944 /* UIViewController+Alerts.swift in Sources */ = {isa = PBXBuildFile; fileRef = 83ABD36621A07D8400FBF944 /* UIViewController+Alerts.swift */; };
		83ABD36A21A07DBD00FBF944 /* ErrorViewModel.swift in Sources */ = {isa = PBXBuildFile; fileRef = 83ABD36921A07DBD00FBF944 /* ErrorViewModel.swift */; };
		83ABD36C21A07E0000FBF944 /* String+WhiteSpace.swift in Sources */ = {isa = PBXBuildFile; fileRef = 83ABD36B21A07E0000FBF944 /* String+WhiteSpace.swift */; };
		83ABD36F21A07EA500FBF944 /* Configurable.swift in Sources */ = {isa = PBXBuildFile; fileRef = 83ABD36E21A07EA500FBF944 /* Configurable.swift */; };
		83ABD37221A08D4F00FBF944 /* NibLoadable.swift in Sources */ = {isa = PBXBuildFile; fileRef = 83ABD37121A08D4F00FBF944 /* NibLoadable.swift */; };
		83ABD37421A08D8000FBF944 /* ReusableView.swift in Sources */ = {isa = PBXBuildFile; fileRef = 83ABD37321A08D8000FBF944 /* ReusableView.swift */; };
		83ABD37621A08DA900FBF944 /* UITableView+CellRegistrationAndDequeueing.swift in Sources */ = {isa = PBXBuildFile; fileRef = 83ABD37521A08DA900FBF944 /* UITableView+CellRegistrationAndDequeueing.swift */; };
		83ABD37B21A0949900FBF944 /* Service.swift in Sources */ = {isa = PBXBuildFile; fileRef = 83ABD37A21A0949900FBF944 /* Service.swift */; };
		83ABD37E21A094C500FBF944 /* Scheduler.swift in Sources */ = {isa = PBXBuildFile; fileRef = 83ABD37D21A094C500FBF944 /* Scheduler.swift */; };
		83ABD38021A094E600FBF944 /* GCDScheduler.swift in Sources */ = {isa = PBXBuildFile; fileRef = 83ABD37F21A094E600FBF944 /* GCDScheduler.swift */; };
		83ABD38321A0952300FBF944 /* Result.swift in Sources */ = {isa = PBXBuildFile; fileRef = 83ABD38221A0952300FBF944 /* Result.swift */; };
		83ABD38621A095C000FBF944 /* TransportError.swift in Sources */ = {isa = PBXBuildFile; fileRef = 83ABD38521A095C000FBF944 /* TransportError.swift */; };
		83ABD38821A095E300FBF944 /* RepositoryError.swift in Sources */ = {isa = PBXBuildFile; fileRef = 83ABD38721A095E300FBF944 /* RepositoryError.swift */; };
		83ABD38B21A0968200FBF944 /* Transport.swift in Sources */ = {isa = PBXBuildFile; fileRef = 83ABD38A21A0968200FBF944 /* Transport.swift */; };
		83ABD38D21A097C300FBF944 /* TransportResponse.swift in Sources */ = {isa = PBXBuildFile; fileRef = 83ABD38C21A097C300FBF944 /* TransportResponse.swift */; };
		83ABD39021A097FD00FBF944 /* Request.swift in Sources */ = {isa = PBXBuildFile; fileRef = 83ABD38F21A097FD00FBF944 /* Request.swift */; };
		83ABD39221A0991600FBF944 /* AlamofireTransport.swift in Sources */ = {isa = PBXBuildFile; fileRef = 83ABD39121A0991600FBF944 /* AlamofireTransport.swift */; };
		83ABD39421A0995C00FBF944 /* Constants.swift in Sources */ = {isa = PBXBuildFile; fileRef = 83ABD39321A0995C00FBF944 /* Constants.swift */; };
		83ABD39721A09A0E00FBF944 /* Repository.swift in Sources */ = {isa = PBXBuildFile; fileRef = 83ABD39621A09A0E00FBF944 /* Repository.swift */; };
		83ABD39921A09AA300FBF944 /* NetworkRepository.swift in Sources */ = {isa = PBXBuildFile; fileRef = 83ABD39821A09AA300FBF944 /* NetworkRepository.swift */; };
		83ABD39B21A09C4000FBF944 /* RequestError.swift in Sources */ = {isa = PBXBuildFile; fileRef = 83ABD39A21A09C4000FBF944 /* RequestError.swift */; };
		83ABD39D21A0AC8500FBF944 /* DatabaseRepository.swift in Sources */ = {isa = PBXBuildFile; fileRef = 83ABD39C21A0AC8500FBF944 /* DatabaseRepository.swift */; };
		83ABD39F21A16DF900FBF944 /* ServerField.swift in Sources */ = {isa = PBXBuildFile; fileRef = 83ABD39E21A16DF900FBF944 /* ServerField.swift */; };
		83ABD3AB21A172A600FBF944 /* ServiceAssembly.swift in Sources */ = {isa = PBXBuildFile; fileRef = 83ABD3AA21A172A600FBF944 /* ServiceAssembly.swift */; };
		83ABD3B121A1736100FBF944 /* APIVersionService.swift in Sources */ = {isa = PBXBuildFile; fileRef = 83ABD3B021A1736100FBF944 /* APIVersionService.swift */; };
		83ABD3B321A1744600FBF944 /* StoreKey.swift in Sources */ = {isa = PBXBuildFile; fileRef = 83ABD3B221A1744600FBF944 /* StoreKey.swift */; };
		83ABD3B821A1749800FBF944 /* LocalStoreService.swift in Sources */ = {isa = PBXBuildFile; fileRef = 83ABD3B721A1749800FBF944 /* LocalStoreService.swift */; };
		83ABD3BA21A1752400FBF944 /* LocalStoreServiceAssembly.swift in Sources */ = {isa = PBXBuildFile; fileRef = 83ABD3B921A1752400FBF944 /* LocalStoreServiceAssembly.swift */; };
		83ABD3BC21A175B600FBF944 /* APIVersionServiceAssembly.swift in Sources */ = {isa = PBXBuildFile; fileRef = 83ABD3BB21A175B600FBF944 /* APIVersionServiceAssembly.swift */; };
		83ABD3C121A1762400FBF944 /* HostService.swift in Sources */ = {isa = PBXBuildFile; fileRef = 83ABD3C021A1762400FBF944 /* HostService.swift */; };
		83ABD3C321A1763800FBF944 /* HostServiceAssembly.swift in Sources */ = {isa = PBXBuildFile; fileRef = 83ABD3C221A1763800FBF944 /* HostServiceAssembly.swift */; };
		83ABD3C521A178D700FBF944 /* ServiceFactory.swift in Sources */ = {isa = PBXBuildFile; fileRef = 83ABD3C421A178D700FBF944 /* ServiceFactory.swift */; };
		83ABD3CD21A1B11F00FBF944 /* Asteroid.swift in Sources */ = {isa = PBXBuildFile; fileRef = 83ABD3CC21A1B11F00FBF944 /* Asteroid.swift */; };
		83ABD3CF21A1B21B00FBF944 /* AsteroidService.swift in Sources */ = {isa = PBXBuildFile; fileRef = 83ABD3CE21A1B21B00FBF944 /* AsteroidService.swift */; };
		83ABD3D121A1B22A00FBF944 /* AsteroidNetworkRepository.swift in Sources */ = {isa = PBXBuildFile; fileRef = 83ABD3D021A1B22A00FBF944 /* AsteroidNetworkRepository.swift */; };
		83ABD3D321A1B23800FBF944 /* AsteroidRepository.swift in Sources */ = {isa = PBXBuildFile; fileRef = 83ABD3D221A1B23800FBF944 /* AsteroidRepository.swift */; };
		83ABD3D521A1B24500FBF944 /* AsteroidDatabaseRepository.swift in Sources */ = {isa = PBXBuildFile; fileRef = 83ABD3D421A1B24500FBF944 /* AsteroidDatabaseRepository.swift */; };
		83ABD3D721A1B25800FBF944 /* AsteroidsRequest.swift in Sources */ = {isa = PBXBuildFile; fileRef = 83ABD3D621A1B25800FBF944 /* AsteroidsRequest.swift */; };
		83ABD3D921A1B26800FBF944 /* AsteroidServiceAssembly.swift in Sources */ = {isa = PBXBuildFile; fileRef = 83ABD3D821A1B26800FBF944 /* AsteroidServiceAssembly.swift */; };
		83ABD3DB21A1B2A500FBF944 /* AsteroidServiceImpl.swift in Sources */ = {isa = PBXBuildFile; fileRef = 83ABD3DA21A1B2A500FBF944 /* AsteroidServiceImpl.swift */; };
		83D2FC3E21AB40CC00B35FAD /* Week.swift in Sources */ = {isa = PBXBuildFile; fileRef = 83D2FC3D21AB40CC00B35FAD /* Week.swift */; };
		83D2FC4021AB41D200B35FAD /* Date+Request.swift in Sources */ = {isa = PBXBuildFile; fileRef = 83D2FC3F21AB41D200B35FAD /* Date+Request.swift */; };
		83D2FC4221AB423300B35FAD /* Date+Display.swift in Sources */ = {isa = PBXBuildFile; fileRef = 83D2FC4121AB423300B35FAD /* Date+Display.swift */; };
		83D2FC4421AB433C00B35FAD /* String+Date.swift in Sources */ = {isa = PBXBuildFile; fileRef = 83D2FC4321AB433C00B35FAD /* String+Date.swift */; };
		83D2FC4D21ADD2A000B35FAD /* Deserializer.swift in Sources */ = {isa = PBXBuildFile; fileRef = 83D2FC4C21ADD2A000B35FAD /* Deserializer.swift */; };
		83D2FC4F21ADD2C800B35FAD /* JSONDeserializer.swift in Sources */ = {isa = PBXBuildFile; fileRef = 83D2FC4E21ADD2C800B35FAD /* JSONDeserializer.swift */; };
		83D2FC5121ADD2E800B35FAD /* DeserializerError.swift in Sources */ = {isa = PBXBuildFile; fileRef = 83D2FC5021ADD2E800B35FAD /* DeserializerError.swift */; };
		83D2FC5321ADD31500B35FAD /* Serializer.swift in Sources */ = {isa = PBXBuildFile; fileRef = 83D2FC5221ADD31500B35FAD /* Serializer.swift */; };
		83D2FC5521ADD32C00B35FAD /* JSONSerializer.swift in Sources */ = {isa = PBXBuildFile; fileRef = 83D2FC5421ADD32C00B35FAD /* JSONSerializer.swift */; };
		83D2FC5721ADD5CE00B35FAD /* RealmAsteroid.swift in Sources */ = {isa = PBXBuildFile; fileRef = 83D2FC5621ADD5CE00B35FAD /* RealmAsteroid.swift */; };
		83D2FC5921ADE8D500B35FAD /* RealmOrbitalData.swift in Sources */ = {isa = PBXBuildFile; fileRef = 83D2FC5821ADE8D500B35FAD /* RealmOrbitalData.swift */; };
		83D2FC5B21ADEC2200B35FAD /* RealmOrbitClass.swift in Sources */ = {isa = PBXBuildFile; fileRef = 83D2FC5A21ADEC2200B35FAD /* RealmOrbitClass.swift */; };
		83D2FC5D21ADF61300B35FAD /* OrbitalData.swift in Sources */ = {isa = PBXBuildFile; fileRef = 83D2FC5C21ADF61300B35FAD /* OrbitalData.swift */; };
		83D2FC5F21ADF62100B35FAD /* OrbitClass.swift in Sources */ = {isa = PBXBuildFile; fileRef = 83D2FC5E21ADF62100B35FAD /* OrbitClass.swift */; };
		A7BE15D9C163DC9A52A10152 /* Pods_Asteroids2_0Tests.framework in Frameworks */ = {isa = PBXBuildFile; fileRef = AA02BA7384A360AE9502171A /* Pods_Asteroids2_0Tests.framework */; };
		DCEF81E45B8BC29208C4CB29 /* Pods_Asteroids2_0UITests.framework in Frameworks */ = {isa = PBXBuildFile; fileRef = 11A0009D3523B9C7A1C32833 /* Pods_Asteroids2_0UITests.framework */; };
/* End PBXBuildFile section */

/* Begin PBXContainerItemProxy section */
		8395BF6B219F7CE800310ED1 /* PBXContainerItemProxy */ = {
			isa = PBXContainerItemProxy;
			containerPortal = 8395BF4E219F7CE500310ED1 /* Project object */;
			proxyType = 1;
			remoteGlobalIDString = 8395BF55219F7CE500310ED1;
			remoteInfo = Asteroids2.0;
		};
		8395BF76219F7CE800310ED1 /* PBXContainerItemProxy */ = {
			isa = PBXContainerItemProxy;
			containerPortal = 8395BF4E219F7CE500310ED1 /* Project object */;
			proxyType = 1;
			remoteGlobalIDString = 8395BF55219F7CE500310ED1;
			remoteInfo = Asteroids2.0;
		};
/* End PBXContainerItemProxy section */

/* Begin PBXFileReference section */
		11A0009D3523B9C7A1C32833 /* Pods_Asteroids2_0UITests.framework */ = {isa = PBXFileReference; explicitFileType = wrapper.framework; includeInIndex = 0; path = Pods_Asteroids2_0UITests.framework; sourceTree = BUILT_PRODUCTS_DIR; };
		49641F0EB52046DE324C8614 /* Pods-Asteroids2.0Tests.debug.xcconfig */ = {isa = PBXFileReference; includeInIndex = 1; lastKnownFileType = text.xcconfig; name = "Pods-Asteroids2.0Tests.debug.xcconfig"; path = "Pods/Target Support Files/Pods-Asteroids2.0Tests/Pods-Asteroids2.0Tests.debug.xcconfig"; sourceTree = "<group>"; };
		8176C0DB9DFBEEEA12A9E634 /* Pods-Asteroids2.0UITests.debug.xcconfig */ = {isa = PBXFileReference; includeInIndex = 1; lastKnownFileType = text.xcconfig; name = "Pods-Asteroids2.0UITests.debug.xcconfig"; path = "Pods/Target Support Files/Pods-Asteroids2.0UITests/Pods-Asteroids2.0UITests.debug.xcconfig"; sourceTree = "<group>"; };
		8395BF56219F7CE500310ED1 /* Asteroids2.0.app */ = {isa = PBXFileReference; explicitFileType = wrapper.application; includeInIndex = 0; path = Asteroids2.0.app; sourceTree = BUILT_PRODUCTS_DIR; };
		8395BF59219F7CE500310ED1 /* AppDelegate.swift */ = {isa = PBXFileReference; lastKnownFileType = sourcecode.swift; path = AppDelegate.swift; sourceTree = "<group>"; };
		8395BF60219F7CE700310ED1 /* Assets.xcassets */ = {isa = PBXFileReference; lastKnownFileType = folder.assetcatalog; path = Assets.xcassets; sourceTree = "<group>"; };
		8395BF65219F7CE700310ED1 /* Info.plist */ = {isa = PBXFileReference; lastKnownFileType = text.plist.xml; path = Info.plist; sourceTree = "<group>"; };
		8395BF6A219F7CE800310ED1 /* Asteroids2.0Tests.xctest */ = {isa = PBXFileReference; explicitFileType = wrapper.cfbundle; includeInIndex = 0; path = Asteroids2.0Tests.xctest; sourceTree = BUILT_PRODUCTS_DIR; };
		8395BF6E219F7CE800310ED1 /* Asteroids2_0Tests.swift */ = {isa = PBXFileReference; lastKnownFileType = sourcecode.swift; path = Asteroids2_0Tests.swift; sourceTree = "<group>"; };
		8395BF70219F7CE800310ED1 /* Info.plist */ = {isa = PBXFileReference; lastKnownFileType = text.plist.xml; path = Info.plist; sourceTree = "<group>"; };
		8395BF75219F7CE800310ED1 /* Asteroids2.0UITests.xctest */ = {isa = PBXFileReference; explicitFileType = wrapper.cfbundle; includeInIndex = 0; path = Asteroids2.0UITests.xctest; sourceTree = BUILT_PRODUCTS_DIR; };
		8395BF79219F7CE800310ED1 /* Asteroids2_0UITests.swift */ = {isa = PBXFileReference; lastKnownFileType = sourcecode.swift; path = Asteroids2_0UITests.swift; sourceTree = "<group>"; };
		8395BF7B219F7CE800310ED1 /* Info.plist */ = {isa = PBXFileReference; lastKnownFileType = text.plist.xml; path = Info.plist; sourceTree = "<group>"; };
		83ABD2FC21A036E900FBF944 /* Font.swift */ = {isa = PBXFileReference; lastKnownFileType = sourcecode.swift; path = Font.swift; sourceTree = "<group>"; };
		83ABD2FF21A0372300FBF944 /* Color.swift */ = {isa = PBXFileReference; lastKnownFileType = sourcecode.swift; path = Color.swift; sourceTree = "<group>"; };
		83ABD30221A037A100FBF944 /* UIViewController+Storyboard.swift */ = {isa = PBXFileReference; lastKnownFileType = sourcecode.swift; path = "UIViewController+Storyboard.swift"; sourceTree = "<group>"; };
		83ABD30621A037E700FBF944 /* AsyncDisplayLogic.swift */ = {isa = PBXFileReference; lastKnownFileType = sourcecode.swift; path = AsyncDisplayLogic.swift; sourceTree = "<group>"; };
		83ABD30921A0381600FBF944 /* ViewController.swift */ = {isa = PBXFileReference; lastKnownFileType = sourcecode.swift; path = ViewController.swift; sourceTree = "<group>"; };
		83ABD30C21A0386A00FBF944 /* Assembly.swift */ = {isa = PBXFileReference; lastKnownFileType = sourcecode.swift; path = Assembly.swift; sourceTree = "<group>"; };
		83ABD30E21A03A6600FBF944 /* Notification+KeyboardHeight.swift */ = {isa = PBXFileReference; lastKnownFileType = sourcecode.swift; path = "Notification+KeyboardHeight.swift"; sourceTree = "<group>"; };
		83ABD31021A03ABA00FBF944 /* UIView+AutoLayout.swift */ = {isa = PBXFileReference; lastKnownFileType = sourcecode.swift; path = "UIView+AutoLayout.swift"; sourceTree = "<group>"; };
		83ABD31321A03C7C00FBF944 /* MainTabBarViewController.storyboard */ = {isa = PBXFileReference; lastKnownFileType = file.storyboard; path = MainTabBarViewController.storyboard; sourceTree = "<group>"; };
		83ABD31521A03CC000FBF944 /* MainTabBarViewController.swift */ = {isa = PBXFileReference; lastKnownFileType = sourcecode.swift; path = MainTabBarViewController.swift; sourceTree = "<group>"; };
		83ABD31721A03D4E00FBF944 /* MainNavigationController.swift */ = {isa = PBXFileReference; lastKnownFileType = sourcecode.swift; path = MainNavigationController.swift; sourceTree = "<group>"; };
		83ABD31921A03E4B00FBF944 /* LaunchScreen.storyboard */ = {isa = PBXFileReference; lastKnownFileType = file.storyboard; path = LaunchScreen.storyboard; sourceTree = "<group>"; };
		83ABD31C21A06D6F00FBF944 /* ListViewController.storyboard */ = {isa = PBXFileReference; lastKnownFileType = file.storyboard; path = ListViewController.storyboard; sourceTree = "<group>"; };
		83ABD32A21A06E8D00FBF944 /* List.swift */ = {isa = PBXFileReference; lastKnownFileType = sourcecode.swift; path = List.swift; sourceTree = "<group>"; };
		83ABD32C21A06ED000FBF944 /* ListAssembly.swift */ = {isa = PBXFileReference; lastKnownFileType = sourcecode.swift; path = ListAssembly.swift; sourceTree = "<group>"; };
		83ABD32E21A06EF700FBF944 /* ListViewController.swift */ = {isa = PBXFileReference; lastKnownFileType = sourcecode.swift; path = ListViewController.swift; sourceTree = "<group>"; };
		83ABD33021A06F1F00FBF944 /* ListPresenter.swift */ = {isa = PBXFileReference; lastKnownFileType = sourcecode.swift; path = ListPresenter.swift; sourceTree = "<group>"; };
		83ABD34021A06FBC00FBF944 /* AsyncPresentationLogic.swift */ = {isa = PBXFileReference; lastKnownFileType = sourcecode.swift; path = AsyncPresentationLogic.swift; sourceTree = "<group>"; };
		83ABD34221A0713C00FBF944 /* ListInteractor.swift */ = {isa = PBXFileReference; lastKnownFileType = sourcecode.swift; path = ListInteractor.swift; sourceTree = "<group>"; };
		83ABD34421A0720800FBF944 /* ListRouter.swift */ = {isa = PBXFileReference; lastKnownFileType = sourcecode.swift; path = ListRouter.swift; sourceTree = "<group>"; };
		83ABD34821A07A2F00FBF944 /* SearchRouter.swift */ = {isa = PBXFileReference; fileEncoding = 4; lastKnownFileType = sourcecode.swift; path = SearchRouter.swift; sourceTree = "<group>"; };
		83ABD34921A07A2F00FBF944 /* SearchPresenter.swift */ = {isa = PBXFileReference; fileEncoding = 4; lastKnownFileType = sourcecode.swift; path = SearchPresenter.swift; sourceTree = "<group>"; };
		83ABD34A21A07A2F00FBF944 /* SearchAssembly.swift */ = {isa = PBXFileReference; fileEncoding = 4; lastKnownFileType = sourcecode.swift; path = SearchAssembly.swift; sourceTree = "<group>"; };
		83ABD34B21A07A2F00FBF944 /* SearchViewController.swift */ = {isa = PBXFileReference; fileEncoding = 4; lastKnownFileType = sourcecode.swift; path = SearchViewController.swift; sourceTree = "<group>"; };
		83ABD34C21A07A2F00FBF944 /* SearchViewController.storyboard */ = {isa = PBXFileReference; fileEncoding = 4; lastKnownFileType = file.storyboard; path = SearchViewController.storyboard; sourceTree = "<group>"; };
		83ABD34D21A07A2F00FBF944 /* Search.swift */ = {isa = PBXFileReference; fileEncoding = 4; lastKnownFileType = sourcecode.swift; path = Search.swift; sourceTree = "<group>"; };
		83ABD34E21A07A2F00FBF944 /* SearchInteractor.swift */ = {isa = PBXFileReference; fileEncoding = 4; lastKnownFileType = sourcecode.swift; path = SearchInteractor.swift; sourceTree = "<group>"; };
		83ABD35621A07B0000FBF944 /* SettingsRouter.swift */ = {isa = PBXFileReference; fileEncoding = 4; lastKnownFileType = sourcecode.swift; path = SettingsRouter.swift; sourceTree = "<group>"; };
		83ABD35721A07B0000FBF944 /* SettingsPresenter.swift */ = {isa = PBXFileReference; fileEncoding = 4; lastKnownFileType = sourcecode.swift; path = SettingsPresenter.swift; sourceTree = "<group>"; };
		83ABD35821A07B0000FBF944 /* SettingsAssembly.swift */ = {isa = PBXFileReference; fileEncoding = 4; lastKnownFileType = sourcecode.swift; path = SettingsAssembly.swift; sourceTree = "<group>"; };
		83ABD35921A07B0000FBF944 /* SettingsViewController.swift */ = {isa = PBXFileReference; fileEncoding = 4; lastKnownFileType = sourcecode.swift; path = SettingsViewController.swift; sourceTree = "<group>"; };
		83ABD35A21A07B0100FBF944 /* SettingsViewController.storyboard */ = {isa = PBXFileReference; fileEncoding = 4; lastKnownFileType = file.storyboard; path = SettingsViewController.storyboard; sourceTree = "<group>"; };
		83ABD35B21A07B0100FBF944 /* Settings.swift */ = {isa = PBXFileReference; fileEncoding = 4; lastKnownFileType = sourcecode.swift; path = Settings.swift; sourceTree = "<group>"; };
		83ABD35C21A07B0100FBF944 /* SettingsInteractor.swift */ = {isa = PBXFileReference; fileEncoding = 4; lastKnownFileType = sourcecode.swift; path = SettingsInteractor.swift; sourceTree = "<group>"; };
		83ABD36421A07D4300FBF944 /* Collection+Optional.swift */ = {isa = PBXFileReference; lastKnownFileType = sourcecode.swift; path = "Collection+Optional.swift"; sourceTree = "<group>"; };
		83ABD36621A07D8400FBF944 /* UIViewController+Alerts.swift */ = {isa = PBXFileReference; lastKnownFileType = sourcecode.swift; path = "UIViewController+Alerts.swift"; sourceTree = "<group>"; };
		83ABD36921A07DBD00FBF944 /* ErrorViewModel.swift */ = {isa = PBXFileReference; lastKnownFileType = sourcecode.swift; path = ErrorViewModel.swift; sourceTree = "<group>"; };
		83ABD36B21A07E0000FBF944 /* String+WhiteSpace.swift */ = {isa = PBXFileReference; lastKnownFileType = sourcecode.swift; path = "String+WhiteSpace.swift"; sourceTree = "<group>"; };
		83ABD36E21A07EA500FBF944 /* Configurable.swift */ = {isa = PBXFileReference; lastKnownFileType = sourcecode.swift; path = Configurable.swift; sourceTree = "<group>"; };
		83ABD37121A08D4F00FBF944 /* NibLoadable.swift */ = {isa = PBXFileReference; lastKnownFileType = sourcecode.swift; path = NibLoadable.swift; sourceTree = "<group>"; };
		83ABD37321A08D8000FBF944 /* ReusableView.swift */ = {isa = PBXFileReference; lastKnownFileType = sourcecode.swift; path = ReusableView.swift; sourceTree = "<group>"; };
		83ABD37521A08DA900FBF944 /* UITableView+CellRegistrationAndDequeueing.swift */ = {isa = PBXFileReference; lastKnownFileType = sourcecode.swift; path = "UITableView+CellRegistrationAndDequeueing.swift"; sourceTree = "<group>"; };
		83ABD37A21A0949900FBF944 /* Service.swift */ = {isa = PBXFileReference; lastKnownFileType = sourcecode.swift; path = Service.swift; sourceTree = "<group>"; };
		83ABD37D21A094C500FBF944 /* Scheduler.swift */ = {isa = PBXFileReference; lastKnownFileType = sourcecode.swift; path = Scheduler.swift; sourceTree = "<group>"; };
		83ABD37F21A094E600FBF944 /* GCDScheduler.swift */ = {isa = PBXFileReference; lastKnownFileType = sourcecode.swift; path = GCDScheduler.swift; sourceTree = "<group>"; };
		83ABD38221A0952300FBF944 /* Result.swift */ = {isa = PBXFileReference; lastKnownFileType = sourcecode.swift; path = Result.swift; sourceTree = "<group>"; };
		83ABD38521A095C000FBF944 /* TransportError.swift */ = {isa = PBXFileReference; lastKnownFileType = sourcecode.swift; path = TransportError.swift; sourceTree = "<group>"; };
		83ABD38721A095E300FBF944 /* RepositoryError.swift */ = {isa = PBXFileReference; lastKnownFileType = sourcecode.swift; path = RepositoryError.swift; sourceTree = "<group>"; };
		83ABD38A21A0968200FBF944 /* Transport.swift */ = {isa = PBXFileReference; lastKnownFileType = sourcecode.swift; path = Transport.swift; sourceTree = "<group>"; };
		83ABD38C21A097C300FBF944 /* TransportResponse.swift */ = {isa = PBXFileReference; lastKnownFileType = sourcecode.swift; path = TransportResponse.swift; sourceTree = "<group>"; };
		83ABD38F21A097FD00FBF944 /* Request.swift */ = {isa = PBXFileReference; lastKnownFileType = sourcecode.swift; path = Request.swift; sourceTree = "<group>"; };
		83ABD39121A0991600FBF944 /* AlamofireTransport.swift */ = {isa = PBXFileReference; lastKnownFileType = sourcecode.swift; path = AlamofireTransport.swift; sourceTree = "<group>"; };
		83ABD39321A0995C00FBF944 /* Constants.swift */ = {isa = PBXFileReference; lastKnownFileType = sourcecode.swift; path = Constants.swift; sourceTree = "<group>"; };
		83ABD39621A09A0E00FBF944 /* Repository.swift */ = {isa = PBXFileReference; lastKnownFileType = sourcecode.swift; path = Repository.swift; sourceTree = "<group>"; };
		83ABD39821A09AA300FBF944 /* NetworkRepository.swift */ = {isa = PBXFileReference; lastKnownFileType = sourcecode.swift; path = NetworkRepository.swift; sourceTree = "<group>"; };
		83ABD39A21A09C4000FBF944 /* RequestError.swift */ = {isa = PBXFileReference; lastKnownFileType = sourcecode.swift; path = RequestError.swift; sourceTree = "<group>"; };
		83ABD39C21A0AC8500FBF944 /* DatabaseRepository.swift */ = {isa = PBXFileReference; lastKnownFileType = sourcecode.swift; path = DatabaseRepository.swift; sourceTree = "<group>"; };
		83ABD39E21A16DF900FBF944 /* ServerField.swift */ = {isa = PBXFileReference; lastKnownFileType = sourcecode.swift; path = ServerField.swift; sourceTree = "<group>"; };
		83ABD3AA21A172A600FBF944 /* ServiceAssembly.swift */ = {isa = PBXFileReference; lastKnownFileType = sourcecode.swift; path = ServiceAssembly.swift; sourceTree = "<group>"; };
		83ABD3B021A1736100FBF944 /* APIVersionService.swift */ = {isa = PBXFileReference; lastKnownFileType = sourcecode.swift; path = APIVersionService.swift; sourceTree = "<group>"; };
		83ABD3B221A1744600FBF944 /* StoreKey.swift */ = {isa = PBXFileReference; lastKnownFileType = sourcecode.swift; path = StoreKey.swift; sourceTree = "<group>"; };
		83ABD3B721A1749800FBF944 /* LocalStoreService.swift */ = {isa = PBXFileReference; lastKnownFileType = sourcecode.swift; path = LocalStoreService.swift; sourceTree = "<group>"; };
		83ABD3B921A1752400FBF944 /* LocalStoreServiceAssembly.swift */ = {isa = PBXFileReference; lastKnownFileType = sourcecode.swift; path = LocalStoreServiceAssembly.swift; sourceTree = "<group>"; };
		83ABD3BB21A175B600FBF944 /* APIVersionServiceAssembly.swift */ = {isa = PBXFileReference; lastKnownFileType = sourcecode.swift; path = APIVersionServiceAssembly.swift; sourceTree = "<group>"; };
		83ABD3C021A1762400FBF944 /* HostService.swift */ = {isa = PBXFileReference; lastKnownFileType = sourcecode.swift; path = HostService.swift; sourceTree = "<group>"; };
		83ABD3C221A1763800FBF944 /* HostServiceAssembly.swift */ = {isa = PBXFileReference; lastKnownFileType = sourcecode.swift; path = HostServiceAssembly.swift; sourceTree = "<group>"; };
		83ABD3C421A178D700FBF944 /* ServiceFactory.swift */ = {isa = PBXFileReference; lastKnownFileType = sourcecode.swift; path = ServiceFactory.swift; sourceTree = "<group>"; };
		83ABD3CC21A1B11F00FBF944 /* Asteroid.swift */ = {isa = PBXFileReference; lastKnownFileType = sourcecode.swift; path = Asteroid.swift; sourceTree = "<group>"; };
		83ABD3CE21A1B21B00FBF944 /* AsteroidService.swift */ = {isa = PBXFileReference; lastKnownFileType = sourcecode.swift; path = AsteroidService.swift; sourceTree = "<group>"; };
		83ABD3D021A1B22A00FBF944 /* AsteroidNetworkRepository.swift */ = {isa = PBXFileReference; lastKnownFileType = sourcecode.swift; path = AsteroidNetworkRepository.swift; sourceTree = "<group>"; };
		83ABD3D221A1B23800FBF944 /* AsteroidRepository.swift */ = {isa = PBXFileReference; lastKnownFileType = sourcecode.swift; path = AsteroidRepository.swift; sourceTree = "<group>"; };
		83ABD3D421A1B24500FBF944 /* AsteroidDatabaseRepository.swift */ = {isa = PBXFileReference; lastKnownFileType = sourcecode.swift; path = AsteroidDatabaseRepository.swift; sourceTree = "<group>"; };
		83ABD3D621A1B25800FBF944 /* AsteroidsRequest.swift */ = {isa = PBXFileReference; lastKnownFileType = sourcecode.swift; path = AsteroidsRequest.swift; sourceTree = "<group>"; };
		83ABD3D821A1B26800FBF944 /* AsteroidServiceAssembly.swift */ = {isa = PBXFileReference; lastKnownFileType = sourcecode.swift; path = AsteroidServiceAssembly.swift; sourceTree = "<group>"; };
		83ABD3DA21A1B2A500FBF944 /* AsteroidServiceImpl.swift */ = {isa = PBXFileReference; lastKnownFileType = sourcecode.swift; path = AsteroidServiceImpl.swift; sourceTree = "<group>"; };
		83D2FC3D21AB40CC00B35FAD /* Week.swift */ = {isa = PBXFileReference; lastKnownFileType = sourcecode.swift; path = Week.swift; sourceTree = "<group>"; };
		83D2FC3F21AB41D200B35FAD /* Date+Request.swift */ = {isa = PBXFileReference; lastKnownFileType = sourcecode.swift; path = "Date+Request.swift"; sourceTree = "<group>"; };
		83D2FC4121AB423300B35FAD /* Date+Display.swift */ = {isa = PBXFileReference; lastKnownFileType = sourcecode.swift; path = "Date+Display.swift"; sourceTree = "<group>"; };
		83D2FC4321AB433C00B35FAD /* String+Date.swift */ = {isa = PBXFileReference; lastKnownFileType = sourcecode.swift; path = "String+Date.swift"; sourceTree = "<group>"; };
		83D2FC4C21ADD2A000B35FAD /* Deserializer.swift */ = {isa = PBXFileReference; lastKnownFileType = sourcecode.swift; path = Deserializer.swift; sourceTree = "<group>"; };
		83D2FC4E21ADD2C800B35FAD /* JSONDeserializer.swift */ = {isa = PBXFileReference; lastKnownFileType = sourcecode.swift; path = JSONDeserializer.swift; sourceTree = "<group>"; };
		83D2FC5021ADD2E800B35FAD /* DeserializerError.swift */ = {isa = PBXFileReference; lastKnownFileType = sourcecode.swift; path = DeserializerError.swift; sourceTree = "<group>"; };
		83D2FC5221ADD31500B35FAD /* Serializer.swift */ = {isa = PBXFileReference; lastKnownFileType = sourcecode.swift; path = Serializer.swift; sourceTree = "<group>"; };
		83D2FC5421ADD32C00B35FAD /* JSONSerializer.swift */ = {isa = PBXFileReference; lastKnownFileType = sourcecode.swift; path = JSONSerializer.swift; sourceTree = "<group>"; };
		83D2FC5621ADD5CE00B35FAD /* RealmAsteroid.swift */ = {isa = PBXFileReference; lastKnownFileType = sourcecode.swift; path = RealmAsteroid.swift; sourceTree = "<group>"; };
		83D2FC5821ADE8D500B35FAD /* RealmOrbitalData.swift */ = {isa = PBXFileReference; lastKnownFileType = sourcecode.swift; path = RealmOrbitalData.swift; sourceTree = "<group>"; };
		83D2FC5A21ADEC2200B35FAD /* RealmOrbitClass.swift */ = {isa = PBXFileReference; lastKnownFileType = sourcecode.swift; path = RealmOrbitClass.swift; sourceTree = "<group>"; };
		83D2FC5C21ADF61300B35FAD /* OrbitalData.swift */ = {isa = PBXFileReference; lastKnownFileType = sourcecode.swift; path = OrbitalData.swift; sourceTree = "<group>"; };
		83D2FC5E21ADF62100B35FAD /* OrbitClass.swift */ = {isa = PBXFileReference; lastKnownFileType = sourcecode.swift; path = OrbitClass.swift; sourceTree = "<group>"; };
		990B5862F0A9098790146DE4 /* Pods-Asteroids2.0Tests.release.xcconfig */ = {isa = PBXFileReference; includeInIndex = 1; lastKnownFileType = text.xcconfig; name = "Pods-Asteroids2.0Tests.release.xcconfig"; path = "Pods/Target Support Files/Pods-Asteroids2.0Tests/Pods-Asteroids2.0Tests.release.xcconfig"; sourceTree = "<group>"; };
		A904E211BC96D844C6E81272 /* Pods-Asteroids2.0UITests.release.xcconfig */ = {isa = PBXFileReference; includeInIndex = 1; lastKnownFileType = text.xcconfig; name = "Pods-Asteroids2.0UITests.release.xcconfig"; path = "Pods/Target Support Files/Pods-Asteroids2.0UITests/Pods-Asteroids2.0UITests.release.xcconfig"; sourceTree = "<group>"; };
		AA02BA7384A360AE9502171A /* Pods_Asteroids2_0Tests.framework */ = {isa = PBXFileReference; explicitFileType = wrapper.framework; includeInIndex = 0; path = Pods_Asteroids2_0Tests.framework; sourceTree = BUILT_PRODUCTS_DIR; };
		BBEC69F6E5B7D01238D9FD8F /* Pods-Asteroids2.0.debug.xcconfig */ = {isa = PBXFileReference; includeInIndex = 1; lastKnownFileType = text.xcconfig; name = "Pods-Asteroids2.0.debug.xcconfig"; path = "Pods/Target Support Files/Pods-Asteroids2.0/Pods-Asteroids2.0.debug.xcconfig"; sourceTree = "<group>"; };
		E6C1C8A5372B290D80A6F3FB /* Pods_Asteroids2_0.framework */ = {isa = PBXFileReference; explicitFileType = wrapper.framework; includeInIndex = 0; path = Pods_Asteroids2_0.framework; sourceTree = BUILT_PRODUCTS_DIR; };
		F087345583B16D340AF325A9 /* Pods-Asteroids2.0.release.xcconfig */ = {isa = PBXFileReference; includeInIndex = 1; lastKnownFileType = text.xcconfig; name = "Pods-Asteroids2.0.release.xcconfig"; path = "Pods/Target Support Files/Pods-Asteroids2.0/Pods-Asteroids2.0.release.xcconfig"; sourceTree = "<group>"; };
/* End PBXFileReference section */

/* Begin PBXFrameworksBuildPhase section */
		8395BF53219F7CE500310ED1 /* Frameworks */ = {
			isa = PBXFrameworksBuildPhase;
			buildActionMask = 2147483647;
			files = (
				3379C0345D172DCC23E13F8C /* Pods_Asteroids2_0.framework in Frameworks */,
			);
			runOnlyForDeploymentPostprocessing = 0;
		};
		8395BF67219F7CE800310ED1 /* Frameworks */ = {
			isa = PBXFrameworksBuildPhase;
			buildActionMask = 2147483647;
			files = (
				A7BE15D9C163DC9A52A10152 /* Pods_Asteroids2_0Tests.framework in Frameworks */,
			);
			runOnlyForDeploymentPostprocessing = 0;
		};
		8395BF72219F7CE800310ED1 /* Frameworks */ = {
			isa = PBXFrameworksBuildPhase;
			buildActionMask = 2147483647;
			files = (
				DCEF81E45B8BC29208C4CB29 /* Pods_Asteroids2_0UITests.framework in Frameworks */,
			);
			runOnlyForDeploymentPostprocessing = 0;
		};
/* End PBXFrameworksBuildPhase section */

/* Begin PBXGroup section */
		8395BF4D219F7CE500310ED1 = {
			isa = PBXGroup;
			children = (
				8395BF58219F7CE500310ED1 /* Asteroids2.0 */,
				8395BF6D219F7CE800310ED1 /* Asteroids2.0Tests */,
				8395BF78219F7CE800310ED1 /* Asteroids2.0UITests */,
				AC7051660D275B224F8EEEFE /* Frameworks */,
				F4D75EBB75CFCAB72442FA60 /* Pods */,
				8395BF57219F7CE500310ED1 /* Products */,
			);
			sourceTree = "<group>";
		};
		8395BF57219F7CE500310ED1 /* Products */ = {
			isa = PBXGroup;
			children = (
				8395BF56219F7CE500310ED1 /* Asteroids2.0.app */,
				8395BF6A219F7CE800310ED1 /* Asteroids2.0Tests.xctest */,
				8395BF75219F7CE800310ED1 /* Asteroids2.0UITests.xctest */,
			);
			name = Products;
			sourceTree = "<group>";
		};
		8395BF58219F7CE500310ED1 /* Asteroids2.0 */ = {
			isa = PBXGroup;
			children = (
				8395BF87219F7E0500310ED1 /* Application */,
				83ABD30121A0378400FBF944 /* Extensions */,
				8395BF8C219F814400310ED1 /* Presentation */,
				8395BF88219F7E0D00310ED1 /* Resources */,
				83ABD37721A08DE400FBF944 /* Service */,
				8395BF8A219F7E7D00310ED1 /* SupportingFiles */,
				83ABD37021A08D3A00FBF944 /* Utils */,
			);
			path = Asteroids2.0;
			sourceTree = "<group>";
		};
		8395BF6D219F7CE800310ED1 /* Asteroids2.0Tests */ = {
			isa = PBXGroup;
			children = (
				8395BF6E219F7CE800310ED1 /* Asteroids2_0Tests.swift */,
				8395BF70219F7CE800310ED1 /* Info.plist */,
			);
			path = Asteroids2.0Tests;
			sourceTree = "<group>";
		};
		8395BF78219F7CE800310ED1 /* Asteroids2.0UITests */ = {
			isa = PBXGroup;
			children = (
				8395BF79219F7CE800310ED1 /* Asteroids2_0UITests.swift */,
				8395BF7B219F7CE800310ED1 /* Info.plist */,
			);
			path = Asteroids2.0UITests;
			sourceTree = "<group>";
		};
		8395BF87219F7E0500310ED1 /* Application */ = {
			isa = PBXGroup;
			children = (
				8395BF59219F7CE500310ED1 /* AppDelegate.swift */,
				83ABD39321A0995C00FBF944 /* Constants.swift */,
				83ABD38121A0951700FBF944 /* Enums */,
				83ABD38421A0959800FBF944 /* Error */,
			);
			path = Application;
			sourceTree = "<group>";
		};
		8395BF88219F7E0D00310ED1 /* Resources */ = {
			isa = PBXGroup;
			children = (
				8395BF60219F7CE700310ED1 /* Assets.xcassets */,
				83ABD2FE21A0370D00FBF944 /* Colors */,
				83ABD2FB21A0364100FBF944 /* Fonts */,
				83ABD31921A03E4B00FBF944 /* LaunchScreen.storyboard */,
			);
			path = Resources;
			sourceTree = "<group>";
		};
		8395BF8A219F7E7D00310ED1 /* SupportingFiles */ = {
			isa = PBXGroup;
			children = (
				8395BF65219F7CE700310ED1 /* Info.plist */,
			);
			path = SupportingFiles;
			sourceTree = "<group>";
		};
		8395BF8C219F814400310ED1 /* Presentation */ = {
			isa = PBXGroup;
			children = (
				83ABD30421A037CB00FBF944 /* Common */,
				83ABD31B21A06D4800FBF944 /* List */,
				83ABD31221A03C0000FBF944 /* Main */,
				83ABD34621A079E600FBF944 /* Search */,
				83ABD34721A079EC00FBF944 /* Settings */,
			);
			path = Presentation;
			sourceTree = "<group>";
		};
		83ABD2FB21A0364100FBF944 /* Fonts */ = {
			isa = PBXGroup;
			children = (
				83ABD2FC21A036E900FBF944 /* Font.swift */,
			);
			path = Fonts;
			sourceTree = "<group>";
		};
		83ABD2FE21A0370D00FBF944 /* Colors */ = {
			isa = PBXGroup;
			children = (
				83ABD2FF21A0372300FBF944 /* Color.swift */,
			);
			path = Colors;
			sourceTree = "<group>";
		};
		83ABD30121A0378400FBF944 /* Extensions */ = {
			isa = PBXGroup;
			children = (
				83ABD36421A07D4300FBF944 /* Collection+Optional.swift */,
				83D2FC4121AB423300B35FAD /* Date+Display.swift */,
				83D2FC3F21AB41D200B35FAD /* Date+Request.swift */,
				83ABD30E21A03A6600FBF944 /* Notification+KeyboardHeight.swift */,
				83D2FC4321AB433C00B35FAD /* String+Date.swift */,
				83ABD36B21A07E0000FBF944 /* String+WhiteSpace.swift */,
				83ABD31021A03ABA00FBF944 /* UIView+AutoLayout.swift */,
				83ABD36621A07D8400FBF944 /* UIViewController+Alerts.swift */,
				83ABD30221A037A100FBF944 /* UIViewController+Storyboard.swift */,
			);
			path = Extensions;
			sourceTree = "<group>";
		};
		83ABD30421A037CB00FBF944 /* Common */ = {
			isa = PBXGroup;
			children = (
				83ABD30B21A0385C00FBF944 /* Assembly */,
				83ABD36D21A07E9300FBF944 /* Cell */,
				83ABD30521A037D000FBF944 /* DisplayLogic */,
				83ABD33F21A06F9F00FBF944 /* PresentationLogic */,
				83ABD30821A0380100FBF944 /* ViewController */,
				83ABD36821A07DAB00FBF944 /* ViewModel */,
			);
			path = Common;
			sourceTree = "<group>";
		};
		83ABD30521A037D000FBF944 /* DisplayLogic */ = {
			isa = PBXGroup;
			children = (
				83ABD30621A037E700FBF944 /* AsyncDisplayLogic.swift */,
			);
			path = DisplayLogic;
			sourceTree = "<group>";
		};
		83ABD30821A0380100FBF944 /* ViewController */ = {
			isa = PBXGroup;
			children = (
				83ABD31721A03D4E00FBF944 /* MainNavigationController.swift */,
				83ABD30921A0381600FBF944 /* ViewController.swift */,
			);
			path = ViewController;
			sourceTree = "<group>";
		};
		83ABD30B21A0385C00FBF944 /* Assembly */ = {
			isa = PBXGroup;
			children = (
				83ABD30C21A0386A00FBF944 /* Assembly.swift */,
			);
			path = Assembly;
			sourceTree = "<group>";
		};
		83ABD31221A03C0000FBF944 /* Main */ = {
			isa = PBXGroup;
			children = (
				83ABD31321A03C7C00FBF944 /* MainTabBarViewController.storyboard */,
				83ABD31521A03CC000FBF944 /* MainTabBarViewController.swift */,
			);
			path = Main;
			sourceTree = "<group>";
		};
		83ABD31B21A06D4800FBF944 /* List */ = {
			isa = PBXGroup;
			children = (
				83ABD32A21A06E8D00FBF944 /* List.swift */,
				83ABD32C21A06ED000FBF944 /* ListAssembly.swift */,
				83ABD34221A0713C00FBF944 /* ListInteractor.swift */,
				83ABD33021A06F1F00FBF944 /* ListPresenter.swift */,
				83ABD34421A0720800FBF944 /* ListRouter.swift */,
				83ABD31C21A06D6F00FBF944 /* ListViewController.storyboard */,
				83ABD32E21A06EF700FBF944 /* ListViewController.swift */,
			);
			path = List;
			sourceTree = "<group>";
		};
		83ABD33F21A06F9F00FBF944 /* PresentationLogic */ = {
			isa = PBXGroup;
			children = (
				83ABD34021A06FBC00FBF944 /* AsyncPresentationLogic.swift */,
			);
			path = PresentationLogic;
			sourceTree = "<group>";
		};
		83ABD34621A079E600FBF944 /* Search */ = {
			isa = PBXGroup;
			children = (
				83ABD34D21A07A2F00FBF944 /* Search.swift */,
				83ABD34A21A07A2F00FBF944 /* SearchAssembly.swift */,
				83ABD34E21A07A2F00FBF944 /* SearchInteractor.swift */,
				83ABD34921A07A2F00FBF944 /* SearchPresenter.swift */,
				83ABD34821A07A2F00FBF944 /* SearchRouter.swift */,
				83ABD34C21A07A2F00FBF944 /* SearchViewController.storyboard */,
				83ABD34B21A07A2F00FBF944 /* SearchViewController.swift */,
			);
			path = Search;
			sourceTree = "<group>";
		};
		83ABD34721A079EC00FBF944 /* Settings */ = {
			isa = PBXGroup;
			children = (
				83ABD35B21A07B0100FBF944 /* Settings.swift */,
				83ABD35821A07B0000FBF944 /* SettingsAssembly.swift */,
				83ABD35C21A07B0100FBF944 /* SettingsInteractor.swift */,
				83ABD35721A07B0000FBF944 /* SettingsPresenter.swift */,
				83ABD35621A07B0000FBF944 /* SettingsRouter.swift */,
				83ABD35A21A07B0100FBF944 /* SettingsViewController.storyboard */,
				83ABD35921A07B0000FBF944 /* SettingsViewController.swift */,
			);
			path = Settings;
			sourceTree = "<group>";
		};
		83ABD36821A07DAB00FBF944 /* ViewModel */ = {
			isa = PBXGroup;
			children = (
				83ABD36921A07DBD00FBF944 /* ErrorViewModel.swift */,
			);
			path = ViewModel;
			sourceTree = "<group>";
		};
		83ABD36D21A07E9300FBF944 /* Cell */ = {
			isa = PBXGroup;
			children = (
				83ABD36E21A07EA500FBF944 /* Configurable.swift */,
			);
			path = Cell;
			sourceTree = "<group>";
		};
		83ABD37021A08D3A00FBF944 /* Utils */ = {
			isa = PBXGroup;
			children = (
				83ABD37121A08D4F00FBF944 /* NibLoadable.swift */,
				83ABD37321A08D8000FBF944 /* ReusableView.swift */,
				83ABD3C421A178D700FBF944 /* ServiceFactory.swift */,
				83ABD37521A08DA900FBF944 /* UITableView+CellRegistrationAndDequeueing.swift */,
			);
			path = Utils;
			sourceTree = "<group>";
		};
		83ABD37721A08DE400FBF944 /* Service */ = {
			isa = PBXGroup;
			children = (
				83ABD3C621A1AFF800FBF944 /* Asteroids */,
				83ABD37821A093C200FBF944 /* Common */,
			);
			path = Service;
			sourceTree = "<group>";
		};
		83ABD37821A093C200FBF944 /* Common */ = {
			isa = PBXGroup;
			children = (
				83ABD3AD21A1734100FBF944 /* APIVersion */,
				83D2FC4A21ADD27700B35FAD /* Deserializer */,
				83ABD3BD21A1760400FBF944 /* Host */,
				83ABD3B421A1747400FBF944 /* LocalStore */,
				83ABD3A421A170E000FBF944 /* Model */,
				83ABD39521A099EF00FBF944 /* Repository */,
				83ABD38E21A097EB00FBF944 /* Request */,
				83ABD37C21A094B100FBF944 /* Scheduler */,
				83D2FC4B21ADD27F00B35FAD /* Serializer */,
				83ABD37921A0948E00FBF944 /* Service */,
				83ABD3A921A1728200FBF944 /* ServiceAssembly */,
				83ABD38921A0966C00FBF944 /* Transport */,
			);
			path = Common;
			sourceTree = "<group>";
		};
		83ABD37921A0948E00FBF944 /* Service */ = {
			isa = PBXGroup;
			children = (
				83ABD37A21A0949900FBF944 /* Service.swift */,
			);
			path = Service;
			sourceTree = "<group>";
		};
		83ABD37C21A094B100FBF944 /* Scheduler */ = {
			isa = PBXGroup;
			children = (
				83ABD37F21A094E600FBF944 /* GCDScheduler.swift */,
				83ABD37D21A094C500FBF944 /* Scheduler.swift */,
			);
			path = Scheduler;
			sourceTree = "<group>";
		};
		83ABD38121A0951700FBF944 /* Enums */ = {
			isa = PBXGroup;
			children = (
				83ABD38221A0952300FBF944 /* Result.swift */,
				83ABD39E21A16DF900FBF944 /* ServerField.swift */,
			);
			path = Enums;
			sourceTree = "<group>";
		};
		83ABD38421A0959800FBF944 /* Error */ = {
			isa = PBXGroup;
			children = (
				83D2FC5021ADD2E800B35FAD /* DeserializerError.swift */,
				83ABD38721A095E300FBF944 /* RepositoryError.swift */,
				83ABD39A21A09C4000FBF944 /* RequestError.swift */,
				83ABD38521A095C000FBF944 /* TransportError.swift */,
			);
			path = Error;
			sourceTree = "<group>";
		};
		83ABD38921A0966C00FBF944 /* Transport */ = {
			isa = PBXGroup;
			children = (
				83ABD39121A0991600FBF944 /* AlamofireTransport.swift */,
				83ABD38A21A0968200FBF944 /* Transport.swift */,
				83ABD38C21A097C300FBF944 /* TransportResponse.swift */,
			);
			path = Transport;
			sourceTree = "<group>";
		};
		83ABD38E21A097EB00FBF944 /* Request */ = {
			isa = PBXGroup;
			children = (
				83ABD38F21A097FD00FBF944 /* Request.swift */,
			);
			path = Request;
			sourceTree = "<group>";
		};
		83ABD39521A099EF00FBF944 /* Repository */ = {
			isa = PBXGroup;
			children = (
				83ABD39C21A0AC8500FBF944 /* DatabaseRepository.swift */,
				83ABD39821A09AA300FBF944 /* NetworkRepository.swift */,
				83ABD39621A09A0E00FBF944 /* Repository.swift */,
			);
			path = Repository;
			sourceTree = "<group>";
		};
		83ABD3A421A170E000FBF944 /* Model */ = {
			isa = PBXGroup;
			children = (
				83ABD3B221A1744600FBF944 /* StoreKey.swift */,
				83D2FC3D21AB40CC00B35FAD /* Week.swift */,
			);
			path = Model;
			sourceTree = "<group>";
		};
		83ABD3A921A1728200FBF944 /* ServiceAssembly */ = {
			isa = PBXGroup;
			children = (
				83ABD3AA21A172A600FBF944 /* ServiceAssembly.swift */,
			);
			path = ServiceAssembly;
			sourceTree = "<group>";
		};
		83ABD3AD21A1734100FBF944 /* APIVersion */ = {
			isa = PBXGroup;
			children = (
				83ABD3AE21A1734800FBF944 /* Assembly */,
				83ABD3AF21A1734F00FBF944 /* Service */,
			);
			path = APIVersion;
			sourceTree = "<group>";
		};
		83ABD3AE21A1734800FBF944 /* Assembly */ = {
			isa = PBXGroup;
			children = (
				83ABD3BB21A175B600FBF944 /* APIVersionServiceAssembly.swift */,
			);
			path = Assembly;
			sourceTree = "<group>";
		};
		83ABD3AF21A1734F00FBF944 /* Service */ = {
			isa = PBXGroup;
			children = (
				83ABD3B021A1736100FBF944 /* APIVersionService.swift */,
			);
			path = Service;
			sourceTree = "<group>";
		};
		83ABD3B421A1747400FBF944 /* LocalStore */ = {
			isa = PBXGroup;
			children = (
				83ABD3B521A1748100FBF944 /* Assembly */,
				83ABD3B621A1748700FBF944 /* Service */,
			);
			path = LocalStore;
			sourceTree = "<group>";
		};
		83ABD3B521A1748100FBF944 /* Assembly */ = {
			isa = PBXGroup;
			children = (
				83ABD3B921A1752400FBF944 /* LocalStoreServiceAssembly.swift */,
			);
			path = Assembly;
			sourceTree = "<group>";
		};
		83ABD3B621A1748700FBF944 /* Service */ = {
			isa = PBXGroup;
			children = (
				83ABD3B721A1749800FBF944 /* LocalStoreService.swift */,
			);
			path = Service;
			sourceTree = "<group>";
		};
		83ABD3BD21A1760400FBF944 /* Host */ = {
			isa = PBXGroup;
			children = (
				83ABD3BE21A1760D00FBF944 /* Assembly */,
				83ABD3BF21A1761500FBF944 /* Service */,
			);
			path = Host;
			sourceTree = "<group>";
		};
		83ABD3BE21A1760D00FBF944 /* Assembly */ = {
			isa = PBXGroup;
			children = (
				83ABD3C221A1763800FBF944 /* HostServiceAssembly.swift */,
			);
			path = Assembly;
			sourceTree = "<group>";
		};
		83ABD3BF21A1761500FBF944 /* Service */ = {
			isa = PBXGroup;
			children = (
				83ABD3C021A1762400FBF944 /* HostService.swift */,
			);
			path = Service;
			sourceTree = "<group>";
		};
		83ABD3C621A1AFF800FBF944 /* Asteroids */ = {
			isa = PBXGroup;
			children = (
				83ABD3CB21A1B10C00FBF944 /* Assembly */,
				83ABD3CA21A1B10600FBF944 /* Model */,
				83ABD3C921A1B10000FBF944 /* Repository */,
				83ABD3C821A1B0FC00FBF944 /* Request */,
				83ABD3C721A1B0F600FBF944 /* Service */,
			);
			path = Asteroids;
			sourceTree = "<group>";
		};
		83ABD3C721A1B0F600FBF944 /* Service */ = {
			isa = PBXGroup;
			children = (
				83ABD3CE21A1B21B00FBF944 /* AsteroidService.swift */,
				83ABD3DA21A1B2A500FBF944 /* AsteroidServiceImpl.swift */,
			);
			path = Service;
			sourceTree = "<group>";
		};
		83ABD3C821A1B0FC00FBF944 /* Request */ = {
			isa = PBXGroup;
			children = (
				83ABD3D621A1B25800FBF944 /* AsteroidsRequest.swift */,
			);
			path = Request;
			sourceTree = "<group>";
		};
		83ABD3C921A1B10000FBF944 /* Repository */ = {
			isa = PBXGroup;
			children = (
				83ABD3D421A1B24500FBF944 /* AsteroidDatabaseRepository.swift */,
				83ABD3D021A1B22A00FBF944 /* AsteroidNetworkRepository.swift */,
				83ABD3D221A1B23800FBF944 /* AsteroidRepository.swift */,
			);
			path = Repository;
			sourceTree = "<group>";
		};
		83ABD3CA21A1B10600FBF944 /* Model */ = {
			isa = PBXGroup;
			children = (
				83ABD3CC21A1B11F00FBF944 /* Asteroid.swift */,
				83D2FC5C21ADF61300B35FAD /* OrbitalData.swift */,
				83D2FC5E21ADF62100B35FAD /* OrbitClass.swift */,
				83D2FC5621ADD5CE00B35FAD /* RealmAsteroid.swift */,
				83D2FC5821ADE8D500B35FAD /* RealmOrbitalData.swift */,
				83D2FC5A21ADEC2200B35FAD /* RealmOrbitClass.swift */,
			);
			path = Model;
			sourceTree = "<group>";
		};
		83ABD3CB21A1B10C00FBF944 /* Assembly */ = {
			isa = PBXGroup;
			children = (
				83ABD3D821A1B26800FBF944 /* AsteroidServiceAssembly.swift */,
			);
			path = Assembly;
			sourceTree = "<group>";
		};
		83D2FC4A21ADD27700B35FAD /* Deserializer */ = {
			isa = PBXGroup;
			children = (
				83D2FC4C21ADD2A000B35FAD /* Deserializer.swift */,
				83D2FC4E21ADD2C800B35FAD /* JSONDeserializer.swift */,
			);
			path = Deserializer;
			sourceTree = "<group>";
		};
		83D2FC4B21ADD27F00B35FAD /* Serializer */ = {
			isa = PBXGroup;
			children = (
				83D2FC5421ADD32C00B35FAD /* JSONSerializer.swift */,
				83D2FC5221ADD31500B35FAD /* Serializer.swift */,
			);
			path = Serializer;
			sourceTree = "<group>";
		};
		AC7051660D275B224F8EEEFE /* Frameworks */ = {
			isa = PBXGroup;
			children = (
				E6C1C8A5372B290D80A6F3FB /* Pods_Asteroids2_0.framework */,
				AA02BA7384A360AE9502171A /* Pods_Asteroids2_0Tests.framework */,
				11A0009D3523B9C7A1C32833 /* Pods_Asteroids2_0UITests.framework */,
			);
			name = Frameworks;
			sourceTree = "<group>";
		};
		F4D75EBB75CFCAB72442FA60 /* Pods */ = {
			isa = PBXGroup;
			children = (
				BBEC69F6E5B7D01238D9FD8F /* Pods-Asteroids2.0.debug.xcconfig */,
				F087345583B16D340AF325A9 /* Pods-Asteroids2.0.release.xcconfig */,
				49641F0EB52046DE324C8614 /* Pods-Asteroids2.0Tests.debug.xcconfig */,
				990B5862F0A9098790146DE4 /* Pods-Asteroids2.0Tests.release.xcconfig */,
				8176C0DB9DFBEEEA12A9E634 /* Pods-Asteroids2.0UITests.debug.xcconfig */,
				A904E211BC96D844C6E81272 /* Pods-Asteroids2.0UITests.release.xcconfig */,
			);
			name = Pods;
			sourceTree = "<group>";
		};
/* End PBXGroup section */

/* Begin PBXNativeTarget section */
		8395BF55219F7CE500310ED1 /* Asteroids2.0 */ = {
			isa = PBXNativeTarget;
			buildConfigurationList = 8395BF7E219F7CE800310ED1 /* Build configuration list for PBXNativeTarget "Asteroids2.0" */;
			buildPhases = (
				4E8C9D6F83AC8E385021809D /* [CP] Check Pods Manifest.lock */,
				8395BF52219F7CE500310ED1 /* Sources */,
				8395BF53219F7CE500310ED1 /* Frameworks */,
				8395BF54219F7CE500310ED1 /* Resources */,
				A877DC78A9C2E7CFF8071BBF /* [CP] Embed Pods Frameworks */,
				8395BF8B219F805200310ED1 /* SwiftLint */,
			);
			buildRules = (
			);
			dependencies = (
			);
			name = Asteroids2.0;
			productName = Asteroids2.0;
			productReference = 8395BF56219F7CE500310ED1 /* Asteroids2.0.app */;
			productType = "com.apple.product-type.application";
		};
		8395BF69219F7CE800310ED1 /* Asteroids2.0Tests */ = {
			isa = PBXNativeTarget;
			buildConfigurationList = 8395BF81219F7CE800310ED1 /* Build configuration list for PBXNativeTarget "Asteroids2.0Tests" */;
			buildPhases = (
				BFD4E577901302DED33DCEB1 /* [CP] Check Pods Manifest.lock */,
				8395BF66219F7CE800310ED1 /* Sources */,
				8395BF67219F7CE800310ED1 /* Frameworks */,
				8395BF68219F7CE800310ED1 /* Resources */,
			);
			buildRules = (
			);
			dependencies = (
				8395BF6C219F7CE800310ED1 /* PBXTargetDependency */,
			);
			name = Asteroids2.0Tests;
			productName = Asteroids2.0Tests;
			productReference = 8395BF6A219F7CE800310ED1 /* Asteroids2.0Tests.xctest */;
			productType = "com.apple.product-type.bundle.unit-test";
		};
		8395BF74219F7CE800310ED1 /* Asteroids2.0UITests */ = {
			isa = PBXNativeTarget;
			buildConfigurationList = 8395BF84219F7CE800310ED1 /* Build configuration list for PBXNativeTarget "Asteroids2.0UITests" */;
			buildPhases = (
				B68F40A8A695D1C0222A43D7 /* [CP] Check Pods Manifest.lock */,
				8395BF71219F7CE800310ED1 /* Sources */,
				8395BF72219F7CE800310ED1 /* Frameworks */,
				8395BF73219F7CE800310ED1 /* Resources */,
			);
			buildRules = (
			);
			dependencies = (
				8395BF77219F7CE800310ED1 /* PBXTargetDependency */,
			);
			name = Asteroids2.0UITests;
			productName = Asteroids2.0UITests;
			productReference = 8395BF75219F7CE800310ED1 /* Asteroids2.0UITests.xctest */;
			productType = "com.apple.product-type.bundle.ui-testing";
		};
/* End PBXNativeTarget section */

/* Begin PBXProject section */
		8395BF4E219F7CE500310ED1 /* Project object */ = {
			isa = PBXProject;
			attributes = {
				LastSwiftUpdateCheck = 1010;
				LastUpgradeCheck = 1010;
				ORGANIZATIONNAME = "Oleg Shamin";
				TargetAttributes = {
					8395BF55219F7CE500310ED1 = {
						CreatedOnToolsVersion = 10.1;
					};
					8395BF69219F7CE800310ED1 = {
						CreatedOnToolsVersion = 10.1;
						TestTargetID = 8395BF55219F7CE500310ED1;
					};
					8395BF74219F7CE800310ED1 = {
						CreatedOnToolsVersion = 10.1;
						TestTargetID = 8395BF55219F7CE500310ED1;
					};
				};
			};
			buildConfigurationList = 8395BF51219F7CE500310ED1 /* Build configuration list for PBXProject "Asteroids2.0" */;
			compatibilityVersion = "Xcode 9.3";
			developmentRegion = en;
			hasScannedForEncodings = 0;
			knownRegions = (
				en,
				Base,
			);
			mainGroup = 8395BF4D219F7CE500310ED1;
			productRefGroup = 8395BF57219F7CE500310ED1 /* Products */;
			projectDirPath = "";
			projectRoot = "";
			targets = (
				8395BF55219F7CE500310ED1 /* Asteroids2.0 */,
				8395BF69219F7CE800310ED1 /* Asteroids2.0Tests */,
				8395BF74219F7CE800310ED1 /* Asteroids2.0UITests */,
			);
		};
/* End PBXProject section */

/* Begin PBXResourcesBuildPhase section */
		8395BF54219F7CE500310ED1 /* Resources */ = {
			isa = PBXResourcesBuildPhase;
			buildActionMask = 2147483647;
			files = (
				83ABD31A21A03E4B00FBF944 /* LaunchScreen.storyboard in Resources */,
				8395BF61219F7CE700310ED1 /* Assets.xcassets in Resources */,
				83ABD31421A03C7C00FBF944 /* MainTabBarViewController.storyboard in Resources */,
				83ABD35321A07A2F00FBF944 /* SearchViewController.storyboard in Resources */,
				83ABD31D21A06D6F00FBF944 /* ListViewController.storyboard in Resources */,
				83ABD36121A07B0100FBF944 /* SettingsViewController.storyboard in Resources */,
			);
			runOnlyForDeploymentPostprocessing = 0;
		};
		8395BF68219F7CE800310ED1 /* Resources */ = {
			isa = PBXResourcesBuildPhase;
			buildActionMask = 2147483647;
			files = (
			);
			runOnlyForDeploymentPostprocessing = 0;
		};
		8395BF73219F7CE800310ED1 /* Resources */ = {
			isa = PBXResourcesBuildPhase;
			buildActionMask = 2147483647;
			files = (
			);
			runOnlyForDeploymentPostprocessing = 0;
		};
/* End PBXResourcesBuildPhase section */

/* Begin PBXShellScriptBuildPhase section */
		4E8C9D6F83AC8E385021809D /* [CP] Check Pods Manifest.lock */ = {
			isa = PBXShellScriptBuildPhase;
			buildActionMask = 2147483647;
			files = (
			);
			inputFileListPaths = (
			);
			inputPaths = (
				"${PODS_PODFILE_DIR_PATH}/Podfile.lock",
				"${PODS_ROOT}/Manifest.lock",
			);
			name = "[CP] Check Pods Manifest.lock";
			outputFileListPaths = (
			);
			outputPaths = (
				"$(DERIVED_FILE_DIR)/Pods-Asteroids2.0-checkManifestLockResult.txt",
			);
			runOnlyForDeploymentPostprocessing = 0;
			shellPath = /bin/sh;
			shellScript = "diff \"${PODS_PODFILE_DIR_PATH}/Podfile.lock\" \"${PODS_ROOT}/Manifest.lock\" > /dev/null\nif [ $? != 0 ] ; then\n    # print error to STDERR\n    echo \"error: The sandbox is not in sync with the Podfile.lock. Run 'pod install' or update your CocoaPods installation.\" >&2\n    exit 1\nfi\n# This output is used by Xcode 'outputs' to avoid re-running this script phase.\necho \"SUCCESS\" > \"${SCRIPT_OUTPUT_FILE_0}\"\n";
			showEnvVarsInLog = 0;
		};
		8395BF8B219F805200310ED1 /* SwiftLint */ = {
			isa = PBXShellScriptBuildPhase;
			buildActionMask = 2147483647;
			files = (
			);
			inputFileListPaths = (
			);
			inputPaths = (
			);
			name = SwiftLint;
			outputFileListPaths = (
			);
			outputPaths = (
			);
			runOnlyForDeploymentPostprocessing = 0;
			shellPath = /bin/sh;
			shellScript = "if which swiftlint >/dev/null; then\nswiftlint --strict\nelse\necho \"warning: SwiftLint not installed, download from https://github.com/realm/SwiftLint\"\nfi\n";
		};
		A877DC78A9C2E7CFF8071BBF /* [CP] Embed Pods Frameworks */ = {
			isa = PBXShellScriptBuildPhase;
			buildActionMask = 2147483647;
			files = (
			);
			inputFileListPaths = (
			);
			inputPaths = (
				"${SRCROOT}/Pods/Target Support Files/Pods-Asteroids2.0/Pods-Asteroids2.0-frameworks.sh",
				"${BUILT_PRODUCTS_DIR}/Alamofire/Alamofire.framework",
				"${BUILT_PRODUCTS_DIR}/Realm/Realm.framework",
				"${BUILT_PRODUCTS_DIR}/RealmSwift/RealmSwift.framework",
				"${BUILT_PRODUCTS_DIR}/SwiftyJSON/SwiftyJSON.framework",
			);
			name = "[CP] Embed Pods Frameworks";
			outputFileListPaths = (
			);
			outputPaths = (
				"${TARGET_BUILD_DIR}/${FRAMEWORKS_FOLDER_PATH}/Alamofire.framework",
				"${TARGET_BUILD_DIR}/${FRAMEWORKS_FOLDER_PATH}/Realm.framework",
				"${TARGET_BUILD_DIR}/${FRAMEWORKS_FOLDER_PATH}/RealmSwift.framework",
				"${TARGET_BUILD_DIR}/${FRAMEWORKS_FOLDER_PATH}/SwiftyJSON.framework",
			);
			runOnlyForDeploymentPostprocessing = 0;
			shellPath = /bin/sh;
			shellScript = "\"${SRCROOT}/Pods/Target Support Files/Pods-Asteroids2.0/Pods-Asteroids2.0-frameworks.sh\"\n";
			showEnvVarsInLog = 0;
		};
		B68F40A8A695D1C0222A43D7 /* [CP] Check Pods Manifest.lock */ = {
			isa = PBXShellScriptBuildPhase;
			buildActionMask = 2147483647;
			files = (
			);
			inputFileListPaths = (
			);
			inputPaths = (
				"${PODS_PODFILE_DIR_PATH}/Podfile.lock",
				"${PODS_ROOT}/Manifest.lock",
			);
			name = "[CP] Check Pods Manifest.lock";
			outputFileListPaths = (
			);
			outputPaths = (
				"$(DERIVED_FILE_DIR)/Pods-Asteroids2.0UITests-checkManifestLockResult.txt",
			);
			runOnlyForDeploymentPostprocessing = 0;
			shellPath = /bin/sh;
			shellScript = "diff \"${PODS_PODFILE_DIR_PATH}/Podfile.lock\" \"${PODS_ROOT}/Manifest.lock\" > /dev/null\nif [ $? != 0 ] ; then\n    # print error to STDERR\n    echo \"error: The sandbox is not in sync with the Podfile.lock. Run 'pod install' or update your CocoaPods installation.\" >&2\n    exit 1\nfi\n# This output is used by Xcode 'outputs' to avoid re-running this script phase.\necho \"SUCCESS\" > \"${SCRIPT_OUTPUT_FILE_0}\"\n";
			showEnvVarsInLog = 0;
		};
		BFD4E577901302DED33DCEB1 /* [CP] Check Pods Manifest.lock */ = {
			isa = PBXShellScriptBuildPhase;
			buildActionMask = 2147483647;
			files = (
			);
			inputFileListPaths = (
			);
			inputPaths = (
				"${PODS_PODFILE_DIR_PATH}/Podfile.lock",
				"${PODS_ROOT}/Manifest.lock",
			);
			name = "[CP] Check Pods Manifest.lock";
			outputFileListPaths = (
			);
			outputPaths = (
				"$(DERIVED_FILE_DIR)/Pods-Asteroids2.0Tests-checkManifestLockResult.txt",
			);
			runOnlyForDeploymentPostprocessing = 0;
			shellPath = /bin/sh;
			shellScript = "diff \"${PODS_PODFILE_DIR_PATH}/Podfile.lock\" \"${PODS_ROOT}/Manifest.lock\" > /dev/null\nif [ $? != 0 ] ; then\n    # print error to STDERR\n    echo \"error: The sandbox is not in sync with the Podfile.lock. Run 'pod install' or update your CocoaPods installation.\" >&2\n    exit 1\nfi\n# This output is used by Xcode 'outputs' to avoid re-running this script phase.\necho \"SUCCESS\" > \"${SCRIPT_OUTPUT_FILE_0}\"\n";
			showEnvVarsInLog = 0;
		};
/* End PBXShellScriptBuildPhase section */

/* Begin PBXSourcesBuildPhase section */
		8395BF52219F7CE500310ED1 /* Sources */ = {
			isa = PBXSourcesBuildPhase;
			buildActionMask = 2147483647;
			files = (
				83ABD34521A0720800FBF944 /* ListRouter.swift in Sources */,
				83ABD35D21A07B0100FBF944 /* SettingsRouter.swift in Sources */,
				83ABD30F21A03A6600FBF944 /* Notification+KeyboardHeight.swift in Sources */,
				83ABD39021A097FD00FBF944 /* Request.swift in Sources */,
				83ABD3C121A1762400FBF944 /* HostService.swift in Sources */,
				83ABD3DB21A1B2A500FBF944 /* AsteroidServiceImpl.swift in Sources */,
				83ABD35021A07A2F00FBF944 /* SearchPresenter.swift in Sources */,
				83ABD31121A03ABA00FBF944 /* UIView+AutoLayout.swift in Sources */,
				83ABD35121A07A2F00FBF944 /* SearchAssembly.swift in Sources */,
				83D2FC5321ADD31500B35FAD /* Serializer.swift in Sources */,
				83ABD39721A09A0E00FBF944 /* Repository.swift in Sources */,
				83ABD30D21A0386B00FBF944 /* Assembly.swift in Sources */,
				83ABD3BA21A1752400FBF944 /* LocalStoreServiceAssembly.swift in Sources */,
				83ABD3BC21A175B600FBF944 /* APIVersionServiceAssembly.swift in Sources */,
				83ABD3AB21A172A600FBF944 /* ServiceAssembly.swift in Sources */,
				83ABD37421A08D8000FBF944 /* ReusableView.swift in Sources */,
				83ABD3CF21A1B21B00FBF944 /* AsteroidService.swift in Sources */,
				83ABD3D921A1B26800FBF944 /* AsteroidServiceAssembly.swift in Sources */,
				83ABD31821A03D4E00FBF944 /* MainNavigationController.swift in Sources */,
				83ABD30021A0372300FBF944 /* Color.swift in Sources */,
				83ABD37621A08DA900FBF944 /* UITableView+CellRegistrationAndDequeueing.swift in Sources */,
				83ABD32B21A06E8D00FBF944 /* List.swift in Sources */,
				83ABD3D721A1B25800FBF944 /* AsteroidsRequest.swift in Sources */,
				83ABD36F21A07EA500FBF944 /* Configurable.swift in Sources */,
				83ABD39F21A16DF900FBF944 /* ServerField.swift in Sources */,
				83D2FC4D21ADD2A000B35FAD /* Deserializer.swift in Sources */,
				83ABD32F21A06EF700FBF944 /* ListViewController.swift in Sources */,
				83ABD38021A094E600FBF944 /* GCDScheduler.swift in Sources */,
				83D2FC4221AB423300B35FAD /* Date+Display.swift in Sources */,
				83ABD39221A0991600FBF944 /* AlamofireTransport.swift in Sources */,
				83ABD37B21A0949900FBF944 /* Service.swift in Sources */,
				83ABD36721A07D8400FBF944 /* UIViewController+Alerts.swift in Sources */,
				8395BF5A219F7CE500310ED1 /* AppDelegate.swift in Sources */,
				83ABD38321A0952300FBF944 /* Result.swift in Sources */,
				83ABD3C321A1763800FBF944 /* HostServiceAssembly.swift in Sources */,
				83D2FC5521ADD32C00B35FAD /* JSONSerializer.swift in Sources */,
				83ABD3D121A1B22A00FBF944 /* AsteroidNetworkRepository.swift in Sources */,
				83ABD36221A07B0100FBF944 /* Settings.swift in Sources */,
				83D2FC4021AB41D200B35FAD /* Date+Request.swift in Sources */,
				83ABD3B121A1736100FBF944 /* APIVersionService.swift in Sources */,
				83ABD31621A03CC000FBF944 /* MainTabBarViewController.swift in Sources */,
				83D2FC5921ADE8D500B35FAD /* RealmOrbitalData.swift in Sources */,
				83ABD39D21A0AC8500FBF944 /* DatabaseRepository.swift in Sources */,
				83D2FC4421AB433C00B35FAD /* String+Date.swift in Sources */,
				83ABD35F21A07B0100FBF944 /* SettingsAssembly.swift in Sources */,
				83ABD35221A07A2F00FBF944 /* SearchViewController.swift in Sources */,
				83ABD30321A037A100FBF944 /* UIViewController+Storyboard.swift in Sources */,
				83ABD33121A06F1F00FBF944 /* ListPresenter.swift in Sources */,
				83ABD35421A07A2F00FBF944 /* Search.swift in Sources */,
				83ABD38821A095E300FBF944 /* RepositoryError.swift in Sources */,
				83ABD3CD21A1B11F00FBF944 /* Asteroid.swift in Sources */,
				83ABD37221A08D4F00FBF944 /* NibLoadable.swift in Sources */,
				83ABD36521A07D4300FBF944 /* Collection+Optional.swift in Sources */,
				83ABD36C21A07E0000FBF944 /* String+WhiteSpace.swift in Sources */,
				83D2FC5B21ADEC2200B35FAD /* RealmOrbitClass.swift in Sources */,
				83D2FC5121ADD2E800B35FAD /* DeserializerError.swift in Sources */,
				83ABD39921A09AA300FBF944 /* NetworkRepository.swift in Sources */,
				83ABD36A21A07DBD00FBF944 /* ErrorViewModel.swift in Sources */,
				83ABD32D21A06ED000FBF944 /* ListAssembly.swift in Sources */,
				83ABD3C521A178D700FBF944 /* ServiceFactory.swift in Sources */,
				83ABD30A21A0381600FBF944 /* ViewController.swift in Sources */,
				83ABD35521A07A2F00FBF944 /* SearchInteractor.swift in Sources */,
				83ABD30721A037E700FBF944 /* AsyncDisplayLogic.swift in Sources */,
				83D2FC3E21AB40CC00B35FAD /* Week.swift in Sources */,
				83ABD36021A07B0100FBF944 /* SettingsViewController.swift in Sources */,
				83ABD37E21A094C500FBF944 /* Scheduler.swift in Sources */,
				83ABD38B21A0968200FBF944 /* Transport.swift in Sources */,
				83ABD3B821A1749800FBF944 /* LocalStoreService.swift in Sources */,
				83ABD36321A07B0100FBF944 /* SettingsInteractor.swift in Sources */,
				83ABD2FD21A036E900FBF944 /* Font.swift in Sources */,
				83ABD3D321A1B23800FBF944 /* AsteroidRepository.swift in Sources */,
				83ABD3D521A1B24500FBF944 /* AsteroidDatabaseRepository.swift in Sources */,
				83ABD35E21A07B0100FBF944 /* SettingsPresenter.swift in Sources */,
				83ABD34321A0713C00FBF944 /* ListInteractor.swift in Sources */,
				83ABD34F21A07A2F00FBF944 /* SearchRouter.swift in Sources */,
				83ABD34121A06FBC00FBF944 /* AsyncPresentationLogic.swift in Sources */,
				83ABD39B21A09C4000FBF944 /* RequestError.swift in Sources */,
				83ABD39421A0995C00FBF944 /* Constants.swift in Sources */,
				83ABD38D21A097C300FBF944 /* TransportResponse.swift in Sources */,
				83D2FC5F21ADF62100B35FAD /* OrbitClass.swift in Sources */,
				83D2FC4F21ADD2C800B35FAD /* JSONDeserializer.swift in Sources */,
				83ABD38621A095C000FBF944 /* TransportError.swift in Sources */,
				83ABD3B321A1744600FBF944 /* StoreKey.swift in Sources */,
				83D2FC5721ADD5CE00B35FAD /* RealmAsteroid.swift in Sources */,
				83D2FC5D21ADF61300B35FAD /* OrbitalData.swift in Sources */,
			);
			runOnlyForDeploymentPostprocessing = 0;
		};
		8395BF66219F7CE800310ED1 /* Sources */ = {
			isa = PBXSourcesBuildPhase;
			buildActionMask = 2147483647;
			files = (
				8395BF6F219F7CE800310ED1 /* Asteroids2_0Tests.swift in Sources */,
			);
			runOnlyForDeploymentPostprocessing = 0;
		};
		8395BF71219F7CE800310ED1 /* Sources */ = {
			isa = PBXSourcesBuildPhase;
			buildActionMask = 2147483647;
			files = (
				8395BF7A219F7CE800310ED1 /* Asteroids2_0UITests.swift in Sources */,
			);
			runOnlyForDeploymentPostprocessing = 0;
		};
/* End PBXSourcesBuildPhase section */

/* Begin PBXTargetDependency section */
		8395BF6C219F7CE800310ED1 /* PBXTargetDependency */ = {
			isa = PBXTargetDependency;
			target = 8395BF55219F7CE500310ED1 /* Asteroids2.0 */;
			targetProxy = 8395BF6B219F7CE800310ED1 /* PBXContainerItemProxy */;
		};
		8395BF77219F7CE800310ED1 /* PBXTargetDependency */ = {
			isa = PBXTargetDependency;
			target = 8395BF55219F7CE500310ED1 /* Asteroids2.0 */;
			targetProxy = 8395BF76219F7CE800310ED1 /* PBXContainerItemProxy */;
		};
/* End PBXTargetDependency section */

/* Begin XCBuildConfiguration section */
		8395BF7C219F7CE800310ED1 /* Debug */ = {
			isa = XCBuildConfiguration;
			buildSettings = {
				ALWAYS_SEARCH_USER_PATHS = NO;
				CLANG_ANALYZER_NONNULL = YES;
				CLANG_ANALYZER_NUMBER_OBJECT_CONVERSION = YES_AGGRESSIVE;
				CLANG_CXX_LANGUAGE_STANDARD = "gnu++14";
				CLANG_CXX_LIBRARY = "libc++";
				CLANG_ENABLE_MODULES = YES;
				CLANG_ENABLE_OBJC_ARC = YES;
				CLANG_ENABLE_OBJC_WEAK = YES;
				CLANG_WARN_BLOCK_CAPTURE_AUTORELEASING = YES;
				CLANG_WARN_BOOL_CONVERSION = YES;
				CLANG_WARN_COMMA = YES;
				CLANG_WARN_CONSTANT_CONVERSION = YES;
				CLANG_WARN_DEPRECATED_OBJC_IMPLEMENTATIONS = YES;
				CLANG_WARN_DIRECT_OBJC_ISA_USAGE = YES_ERROR;
				CLANG_WARN_DOCUMENTATION_COMMENTS = YES;
				CLANG_WARN_EMPTY_BODY = YES;
				CLANG_WARN_ENUM_CONVERSION = YES;
				CLANG_WARN_INFINITE_RECURSION = YES;
				CLANG_WARN_INT_CONVERSION = YES;
				CLANG_WARN_NON_LITERAL_NULL_CONVERSION = YES;
				CLANG_WARN_OBJC_IMPLICIT_RETAIN_SELF = YES;
				CLANG_WARN_OBJC_LITERAL_CONVERSION = YES;
				CLANG_WARN_OBJC_ROOT_CLASS = YES_ERROR;
				CLANG_WARN_RANGE_LOOP_ANALYSIS = YES;
				CLANG_WARN_STRICT_PROTOTYPES = YES;
				CLANG_WARN_SUSPICIOUS_MOVE = YES;
				CLANG_WARN_UNGUARDED_AVAILABILITY = YES_AGGRESSIVE;
				CLANG_WARN_UNREACHABLE_CODE = YES;
				CLANG_WARN__DUPLICATE_METHOD_MATCH = YES;
				CODE_SIGN_IDENTITY = "iPhone Developer";
				COPY_PHASE_STRIP = NO;
				DEBUG_INFORMATION_FORMAT = dwarf;
				ENABLE_STRICT_OBJC_MSGSEND = YES;
				ENABLE_TESTABILITY = YES;
				GCC_C_LANGUAGE_STANDARD = gnu11;
				GCC_DYNAMIC_NO_PIC = NO;
				GCC_NO_COMMON_BLOCKS = YES;
				GCC_OPTIMIZATION_LEVEL = 0;
				GCC_PREPROCESSOR_DEFINITIONS = (
					"DEBUG=1",
					"$(inherited)",
				);
				GCC_WARN_64_TO_32_BIT_CONVERSION = YES;
				GCC_WARN_ABOUT_RETURN_TYPE = YES_ERROR;
				GCC_WARN_UNDECLARED_SELECTOR = YES;
				GCC_WARN_UNINITIALIZED_AUTOS = YES_AGGRESSIVE;
				GCC_WARN_UNUSED_FUNCTION = YES;
				GCC_WARN_UNUSED_VARIABLE = YES;
				IPHONEOS_DEPLOYMENT_TARGET = 12.1;
				MTL_ENABLE_DEBUG_INFO = INCLUDE_SOURCE;
				MTL_FAST_MATH = YES;
				ONLY_ACTIVE_ARCH = YES;
				SDKROOT = iphoneos;
				SWIFT_ACTIVE_COMPILATION_CONDITIONS = DEBUG;
				SWIFT_OPTIMIZATION_LEVEL = "-Onone";
			};
			name = Debug;
		};
		8395BF7D219F7CE800310ED1 /* Release */ = {
			isa = XCBuildConfiguration;
			buildSettings = {
				ALWAYS_SEARCH_USER_PATHS = NO;
				CLANG_ANALYZER_NONNULL = YES;
				CLANG_ANALYZER_NUMBER_OBJECT_CONVERSION = YES_AGGRESSIVE;
				CLANG_CXX_LANGUAGE_STANDARD = "gnu++14";
				CLANG_CXX_LIBRARY = "libc++";
				CLANG_ENABLE_MODULES = YES;
				CLANG_ENABLE_OBJC_ARC = YES;
				CLANG_ENABLE_OBJC_WEAK = YES;
				CLANG_WARN_BLOCK_CAPTURE_AUTORELEASING = YES;
				CLANG_WARN_BOOL_CONVERSION = YES;
				CLANG_WARN_COMMA = YES;
				CLANG_WARN_CONSTANT_CONVERSION = YES;
				CLANG_WARN_DEPRECATED_OBJC_IMPLEMENTATIONS = YES;
				CLANG_WARN_DIRECT_OBJC_ISA_USAGE = YES_ERROR;
				CLANG_WARN_DOCUMENTATION_COMMENTS = YES;
				CLANG_WARN_EMPTY_BODY = YES;
				CLANG_WARN_ENUM_CONVERSION = YES;
				CLANG_WARN_INFINITE_RECURSION = YES;
				CLANG_WARN_INT_CONVERSION = YES;
				CLANG_WARN_NON_LITERAL_NULL_CONVERSION = YES;
				CLANG_WARN_OBJC_IMPLICIT_RETAIN_SELF = YES;
				CLANG_WARN_OBJC_LITERAL_CONVERSION = YES;
				CLANG_WARN_OBJC_ROOT_CLASS = YES_ERROR;
				CLANG_WARN_RANGE_LOOP_ANALYSIS = YES;
				CLANG_WARN_STRICT_PROTOTYPES = YES;
				CLANG_WARN_SUSPICIOUS_MOVE = YES;
				CLANG_WARN_UNGUARDED_AVAILABILITY = YES_AGGRESSIVE;
				CLANG_WARN_UNREACHABLE_CODE = YES;
				CLANG_WARN__DUPLICATE_METHOD_MATCH = YES;
				CODE_SIGN_IDENTITY = "iPhone Developer";
				COPY_PHASE_STRIP = NO;
				DEBUG_INFORMATION_FORMAT = "dwarf-with-dsym";
				ENABLE_NS_ASSERTIONS = NO;
				ENABLE_STRICT_OBJC_MSGSEND = YES;
				GCC_C_LANGUAGE_STANDARD = gnu11;
				GCC_NO_COMMON_BLOCKS = YES;
				GCC_WARN_64_TO_32_BIT_CONVERSION = YES;
				GCC_WARN_ABOUT_RETURN_TYPE = YES_ERROR;
				GCC_WARN_UNDECLARED_SELECTOR = YES;
				GCC_WARN_UNINITIALIZED_AUTOS = YES_AGGRESSIVE;
				GCC_WARN_UNUSED_FUNCTION = YES;
				GCC_WARN_UNUSED_VARIABLE = YES;
				IPHONEOS_DEPLOYMENT_TARGET = 12.1;
				MTL_ENABLE_DEBUG_INFO = NO;
				MTL_FAST_MATH = YES;
				SDKROOT = iphoneos;
				SWIFT_COMPILATION_MODE = wholemodule;
				SWIFT_OPTIMIZATION_LEVEL = "-O";
				VALIDATE_PRODUCT = YES;
			};
			name = Release;
		};
		8395BF7F219F7CE800310ED1 /* Debug */ = {
			isa = XCBuildConfiguration;
			baseConfigurationReference = BBEC69F6E5B7D01238D9FD8F /* Pods-Asteroids2.0.debug.xcconfig */;
			buildSettings = {
				ASSETCATALOG_COMPILER_APPICON_NAME = AppIcon;
				CODE_SIGN_STYLE = Automatic;
				DEVELOPMENT_TEAM = G548HJ9ST6;
				INFOPLIST_FILE = "$(SRCROOT)/Asteroids2.0/SupportingFiles/Info.plist";
				LD_RUNPATH_SEARCH_PATHS = (
					"$(inherited)",
					"@executable_path/Frameworks",
				);
				PRODUCT_BUNDLE_IDENTIFIER = "os.Asteroids2-0";
				PRODUCT_NAME = "$(TARGET_NAME)";
				SWIFT_VERSION = 4.2;
				TARGETED_DEVICE_FAMILY = 1;
			};
			name = Debug;
		};
		8395BF80219F7CE800310ED1 /* Release */ = {
			isa = XCBuildConfiguration;
			baseConfigurationReference = F087345583B16D340AF325A9 /* Pods-Asteroids2.0.release.xcconfig */;
			buildSettings = {
				ASSETCATALOG_COMPILER_APPICON_NAME = AppIcon;
				CODE_SIGN_STYLE = Automatic;
				DEVELOPMENT_TEAM = G548HJ9ST6;
				INFOPLIST_FILE = "$(SRCROOT)/Asteroids2.0/SupportingFiles/Info.plist";
				LD_RUNPATH_SEARCH_PATHS = (
					"$(inherited)",
					"@executable_path/Frameworks",
				);
				PRODUCT_BUNDLE_IDENTIFIER = "os.Asteroids2-0";
				PRODUCT_NAME = "$(TARGET_NAME)";
				SWIFT_VERSION = 4.2;
				TARGETED_DEVICE_FAMILY = 1;
			};
			name = Release;
		};
		8395BF82219F7CE800310ED1 /* Debug */ = {
			isa = XCBuildConfiguration;
			baseConfigurationReference = 49641F0EB52046DE324C8614 /* Pods-Asteroids2.0Tests.debug.xcconfig */;
			buildSettings = {
				ALWAYS_EMBED_SWIFT_STANDARD_LIBRARIES = YES;
				BUNDLE_LOADER = "$(TEST_HOST)";
				CODE_SIGN_STYLE = Automatic;
				DEVELOPMENT_TEAM = G548HJ9ST6;
				INFOPLIST_FILE = Asteroids2.0Tests/Info.plist;
				LD_RUNPATH_SEARCH_PATHS = (
					"$(inherited)",
					"@executable_path/Frameworks",
					"@loader_path/Frameworks",
				);
				PRODUCT_BUNDLE_IDENTIFIER = "os.Asteroids2-0Tests";
				PRODUCT_NAME = "$(TARGET_NAME)";
				SWIFT_VERSION = 4.2;
				TARGETED_DEVICE_FAMILY = "1,2";
				TEST_HOST = "$(BUILT_PRODUCTS_DIR)/Asteroids2.0.app/Asteroids2.0";
			};
			name = Debug;
		};
		8395BF83219F7CE800310ED1 /* Release */ = {
			isa = XCBuildConfiguration;
			baseConfigurationReference = 990B5862F0A9098790146DE4 /* Pods-Asteroids2.0Tests.release.xcconfig */;
			buildSettings = {
				ALWAYS_EMBED_SWIFT_STANDARD_LIBRARIES = YES;
				BUNDLE_LOADER = "$(TEST_HOST)";
				CODE_SIGN_STYLE = Automatic;
				DEVELOPMENT_TEAM = G548HJ9ST6;
				INFOPLIST_FILE = Asteroids2.0Tests/Info.plist;
				LD_RUNPATH_SEARCH_PATHS = (
					"$(inherited)",
					"@executable_path/Frameworks",
					"@loader_path/Frameworks",
				);
				PRODUCT_BUNDLE_IDENTIFIER = "os.Asteroids2-0Tests";
				PRODUCT_NAME = "$(TARGET_NAME)";
				SWIFT_VERSION = 4.2;
				TARGETED_DEVICE_FAMILY = "1,2";
				TEST_HOST = "$(BUILT_PRODUCTS_DIR)/Asteroids2.0.app/Asteroids2.0";
			};
			name = Release;
		};
		8395BF85219F7CE800310ED1 /* Debug */ = {
			isa = XCBuildConfiguration;
			baseConfigurationReference = 8176C0DB9DFBEEEA12A9E634 /* Pods-Asteroids2.0UITests.debug.xcconfig */;
			buildSettings = {
				ALWAYS_EMBED_SWIFT_STANDARD_LIBRARIES = YES;
				CODE_SIGN_STYLE = Automatic;
				DEVELOPMENT_TEAM = G548HJ9ST6;
				INFOPLIST_FILE = Asteroids2.0UITests/Info.plist;
				LD_RUNPATH_SEARCH_PATHS = (
					"$(inherited)",
					"@executable_path/Frameworks",
					"@loader_path/Frameworks",
				);
				PRODUCT_BUNDLE_IDENTIFIER = "os.Asteroids2-0UITests";
				PRODUCT_NAME = "$(TARGET_NAME)";
				SWIFT_VERSION = 4.2;
				TARGETED_DEVICE_FAMILY = "1,2";
				TEST_TARGET_NAME = Asteroids2.0;
			};
			name = Debug;
		};
		8395BF86219F7CE800310ED1 /* Release */ = {
			isa = XCBuildConfiguration;
			baseConfigurationReference = A904E211BC96D844C6E81272 /* Pods-Asteroids2.0UITests.release.xcconfig */;
			buildSettings = {
				ALWAYS_EMBED_SWIFT_STANDARD_LIBRARIES = YES;
				CODE_SIGN_STYLE = Automatic;
				DEVELOPMENT_TEAM = G548HJ9ST6;
				INFOPLIST_FILE = Asteroids2.0UITests/Info.plist;
				LD_RUNPATH_SEARCH_PATHS = (
					"$(inherited)",
					"@executable_path/Frameworks",
					"@loader_path/Frameworks",
				);
				PRODUCT_BUNDLE_IDENTIFIER = "os.Asteroids2-0UITests";
				PRODUCT_NAME = "$(TARGET_NAME)";
				SWIFT_VERSION = 4.2;
				TARGETED_DEVICE_FAMILY = "1,2";
				TEST_TARGET_NAME = Asteroids2.0;
			};
			name = Release;
		};
/* End XCBuildConfiguration section */

/* Begin XCConfigurationList section */
		8395BF51219F7CE500310ED1 /* Build configuration list for PBXProject "Asteroids2.0" */ = {
			isa = XCConfigurationList;
			buildConfigurations = (
				8395BF7C219F7CE800310ED1 /* Debug */,
				8395BF7D219F7CE800310ED1 /* Release */,
			);
			defaultConfigurationIsVisible = 0;
			defaultConfigurationName = Release;
		};
		8395BF7E219F7CE800310ED1 /* Build configuration list for PBXNativeTarget "Asteroids2.0" */ = {
			isa = XCConfigurationList;
			buildConfigurations = (
				8395BF7F219F7CE800310ED1 /* Debug */,
				8395BF80219F7CE800310ED1 /* Release */,
			);
			defaultConfigurationIsVisible = 0;
			defaultConfigurationName = Release;
		};
		8395BF81219F7CE800310ED1 /* Build configuration list for PBXNativeTarget "Asteroids2.0Tests" */ = {
			isa = XCConfigurationList;
			buildConfigurations = (
				8395BF82219F7CE800310ED1 /* Debug */,
				8395BF83219F7CE800310ED1 /* Release */,
			);
			defaultConfigurationIsVisible = 0;
			defaultConfigurationName = Release;
		};
		8395BF84219F7CE800310ED1 /* Build configuration list for PBXNativeTarget "Asteroids2.0UITests" */ = {
			isa = XCConfigurationList;
			buildConfigurations = (
				8395BF85219F7CE800310ED1 /* Debug */,
				8395BF86219F7CE800310ED1 /* Release */,
			);
			defaultConfigurationIsVisible = 0;
			defaultConfigurationName = Release;
		};
/* End XCConfigurationList section */
	};
	rootObject = 8395BF4E219F7CE500310ED1 /* Project object */;
}
